// !$*UTF8*$!
{
	archiveVersion = 1;
	classes = {
	};
	objectVersion = 77;
	objects = {

/* Begin PBXBuildFile section */
		E4D7CD942DDE2586002D1F4C /* Chroma in Frameworks */ = {isa = PBXBuildFile; productRef = E4D7CD932DDE2586002D1F4C /* Chroma */; };
/* End PBXBuildFile section */

/* Begin PBXContainerItemProxy section */
		E4D7CD762DDE256D002D1F4C /* PBXContainerItemProxy */ = {
			isa = PBXContainerItemProxy;
			containerPortal = E4D7CD5F2DDE256B002D1F4C /* Project object */;
			proxyType = 1;
			remoteGlobalIDString = E4D7CD662DDE256B002D1F4C;
			remoteInfo = EphemeralChroma;
		};
		E4D7CD802DDE256D002D1F4C /* PBXContainerItemProxy */ = {
			isa = PBXContainerItemProxy;
			containerPortal = E4D7CD5F2DDE256B002D1F4C /* Project object */;
			proxyType = 1;
			remoteGlobalIDString = E4D7CD662DDE256B002D1F4C;
			remoteInfo = EphemeralChroma;
		};
/* End PBXContainerItemProxy section */

/* Begin PBXFileReference section */
		E4D7CD672DDE256B002D1F4C /* EphemeralChroma.app */ = {isa = PBXFileReference; explicitFileType = wrapper.application; includeInIndex = 0; path = EphemeralChroma.app; sourceTree = BUILT_PRODUCTS_DIR; };
		E4D7CD752DDE256D002D1F4C /* EphemeralChromaTests.xctest */ = {isa = PBXFileReference; explicitFileType = wrapper.cfbundle; includeInIndex = 0; path = EphemeralChromaTests.xctest; sourceTree = BUILT_PRODUCTS_DIR; };
		E4D7CD7F2DDE256D002D1F4C /* EphemeralChromaUITests.xctest */ = {isa = PBXFileReference; explicitFileType = wrapper.cfbundle; includeInIndex = 0; path = EphemeralChromaUITests.xctest; sourceTree = BUILT_PRODUCTS_DIR; };
/* End PBXFileReference section */

/* Begin PBXFileSystemSynchronizedRootGroup section */
		E4D7CD692DDE256B002D1F4C /* EphemeralChroma */ = {
			isa = PBXFileSystemSynchronizedRootGroup;
			path = EphemeralChroma;
			sourceTree = "<group>";
		};
		E4D7CD782DDE256D002D1F4C /* EphemeralChromaTests */ = {
			isa = PBXFileSystemSynchronizedRootGroup;
			path = EphemeralChromaTests;
			sourceTree = "<group>";
		};
		E4D7CD822DDE256D002D1F4C /* EphemeralChromaUITests */ = {
			isa = PBXFileSystemSynchronizedRootGroup;
			path = EphemeralChromaUITests;
			sourceTree = "<group>";
		};
/* End PBXFileSystemSynchronizedRootGroup section */

/* Begin PBXFrameworksBuildPhase section */
		E4D7CD642DDE256B002D1F4C /* Frameworks */ = {
			isa = PBXFrameworksBuildPhase;
			buildActionMask = 2147483647;
			files = (
				E4D7CD942DDE2586002D1F4C /* Chroma in Frameworks */,
			);
			runOnlyForDeploymentPostprocessing = 0;
		};
		E4D7CD722DDE256D002D1F4C /* Frameworks */ = {
			isa = PBXFrameworksBuildPhase;
			buildActionMask = 2147483647;
			files = (
			);
			runOnlyForDeploymentPostprocessing = 0;
		};
		E4D7CD7C2DDE256D002D1F4C /* Frameworks */ = {
			isa = PBXFrameworksBuildPhase;
			buildActionMask = 2147483647;
			files = (
			);
			runOnlyForDeploymentPostprocessing = 0;
		};
/* End PBXFrameworksBuildPhase section */

/* Begin PBXGroup section */
		E4D7CD5E2DDE256B002D1F4C = {
			isa = PBXGroup;
			children = (
				E4D7CD692DDE256B002D1F4C /* EphemeralChroma */,
				E4D7CD782DDE256D002D1F4C /* EphemeralChromaTests */,
				E4D7CD822DDE256D002D1F4C /* EphemeralChromaUITests */,
				E4D7CD682DDE256B002D1F4C /* Products */,
			);
			sourceTree = "<group>";
		};
		E4D7CD682DDE256B002D1F4C /* Products */ = {
			isa = PBXGroup;
			children = (
				E4D7CD672DDE256B002D1F4C /* EphemeralChroma.app */,
				E4D7CD752DDE256D002D1F4C /* EphemeralChromaTests.xctest */,
				E4D7CD7F2DDE256D002D1F4C /* EphemeralChromaUITests.xctest */,
			);
			name = Products;
			sourceTree = "<group>";
		};
/* End PBXGroup section */

/* Begin PBXNativeTarget section */
		E4D7CD662DDE256B002D1F4C /* EphemeralChroma */ = {
			isa = PBXNativeTarget;
			buildConfigurationList = E4D7CD892DDE256D002D1F4C /* Build configuration list for PBXNativeTarget "EphemeralChroma" */;
			buildPhases = (
				E4D7CD632DDE256B002D1F4C /* Sources */,
				E4D7CD642DDE256B002D1F4C /* Frameworks */,
				E4D7CD652DDE256B002D1F4C /* Resources */,
			);
			buildRules = (
			);
			dependencies = (
			);
			fileSystemSynchronizedGroups = (
				E4D7CD692DDE256B002D1F4C /* EphemeralChroma */,
			);
			name = EphemeralChroma;
			packageProductDependencies = (
				E4D7CD932DDE2586002D1F4C /* Chroma */,
			);
			productName = EphemeralChroma;
			productReference = E4D7CD672DDE256B002D1F4C /* EphemeralChroma.app */;
			productType = "com.apple.product-type.application";
		};
		E4D7CD742DDE256D002D1F4C /* EphemeralChromaTests */ = {
			isa = PBXNativeTarget;
			buildConfigurationList = E4D7CD8C2DDE256D002D1F4C /* Build configuration list for PBXNativeTarget "EphemeralChromaTests" */;
			buildPhases = (
				E4D7CD712DDE256D002D1F4C /* Sources */,
				E4D7CD722DDE256D002D1F4C /* Frameworks */,
				E4D7CD732DDE256D002D1F4C /* Resources */,
			);
			buildRules = (
			);
			dependencies = (
				E4D7CD772DDE256D002D1F4C /* PBXTargetDependency */,
			);
			fileSystemSynchronizedGroups = (
				E4D7CD782DDE256D002D1F4C /* EphemeralChromaTests */,
			);
			name = EphemeralChromaTests;
			packageProductDependencies = (
			);
			productName = EphemeralChromaTests;
			productReference = E4D7CD752DDE256D002D1F4C /* EphemeralChromaTests.xctest */;
			productType = "com.apple.product-type.bundle.unit-test";
		};
		E4D7CD7E2DDE256D002D1F4C /* EphemeralChromaUITests */ = {
			isa = PBXNativeTarget;
			buildConfigurationList = E4D7CD8F2DDE256D002D1F4C /* Build configuration list for PBXNativeTarget "EphemeralChromaUITests" */;
			buildPhases = (
				E4D7CD7B2DDE256D002D1F4C /* Sources */,
				E4D7CD7C2DDE256D002D1F4C /* Frameworks */,
				E4D7CD7D2DDE256D002D1F4C /* Resources */,
			);
			buildRules = (
			);
			dependencies = (
				E4D7CD812DDE256D002D1F4C /* PBXTargetDependency */,
			);
			fileSystemSynchronizedGroups = (
				E4D7CD822DDE256D002D1F4C /* EphemeralChromaUITests */,
			);
			name = EphemeralChromaUITests;
			packageProductDependencies = (
			);
			productName = EphemeralChromaUITests;
			productReference = E4D7CD7F2DDE256D002D1F4C /* EphemeralChromaUITests.xctest */;
			productType = "com.apple.product-type.bundle.ui-testing";
		};
/* End PBXNativeTarget section */

/* Begin PBXProject section */
		E4D7CD5F2DDE256B002D1F4C /* Project object */ = {
			isa = PBXProject;
			attributes = {
				BuildIndependentTargetsInParallel = 1;
				LastSwiftUpdateCheck = 1630;
				LastUpgradeCheck = 1630;
				TargetAttributes = {
					E4D7CD662DDE256B002D1F4C = {
						CreatedOnToolsVersion = 16.3;
					};
					E4D7CD742DDE256D002D1F4C = {
						CreatedOnToolsVersion = 16.3;
						TestTargetID = E4D7CD662DDE256B002D1F4C;
					};
					E4D7CD7E2DDE256D002D1F4C = {
						CreatedOnToolsVersion = 16.3;
						TestTargetID = E4D7CD662DDE256B002D1F4C;
					};
				};
			};
			buildConfigurationList = E4D7CD622DDE256B002D1F4C /* Build configuration list for PBXProject "EphemeralChroma" */;
			developmentRegion = en;
			hasScannedForEncodings = 0;
			knownRegions = (
				en,
				Base,
			);
			mainGroup = E4D7CD5E2DDE256B002D1F4C;
			minimizedProjectReferenceProxies = 1;
			packageReferences = (
				E4D7CD922DDE2586002D1F4C /* XCLocalSwiftPackageReference "../../Chroma" */,
			);
			preferredProjectObjectVersion = 77;
			productRefGroup = E4D7CD682DDE256B002D1F4C /* Products */;
			projectDirPath = "";
			projectRoot = "";
			targets = (
				E4D7CD662DDE256B002D1F4C /* EphemeralChroma */,
				E4D7CD742DDE256D002D1F4C /* EphemeralChromaTests */,
				E4D7CD7E2DDE256D002D1F4C /* EphemeralChromaUITests */,
			);
		};
/* End PBXProject section */

/* Begin PBXResourcesBuildPhase section */
		E4D7CD652DDE256B002D1F4C /* Resources */ = {
			isa = PBXResourcesBuildPhase;
			buildActionMask = 2147483647;
			files = (
			);
			runOnlyForDeploymentPostprocessing = 0;
		};
		E4D7CD732DDE256D002D1F4C /* Resources */ = {
			isa = PBXResourcesBuildPhase;
			buildActionMask = 2147483647;
			files = (
			);
			runOnlyForDeploymentPostprocessing = 0;
		};
		E4D7CD7D2DDE256D002D1F4C /* Resources */ = {
			isa = PBXResourcesBuildPhase;
			buildActionMask = 2147483647;
			files = (
			);
			runOnlyForDeploymentPostprocessing = 0;
		};
/* End PBXResourcesBuildPhase section */

/* Begin PBXSourcesBuildPhase section */
		E4D7CD632DDE256B002D1F4C /* Sources */ = {
			isa = PBXSourcesBuildPhase;
			buildActionMask = 2147483647;
			files = (
			);
			runOnlyForDeploymentPostprocessing = 0;
		};
		E4D7CD712DDE256D002D1F4C /* Sources */ = {
			isa = PBXSourcesBuildPhase;
			buildActionMask = 2147483647;
			files = (
			);
			runOnlyForDeploymentPostprocessing = 0;
		};
		E4D7CD7B2DDE256D002D1F4C /* Sources */ = {
			isa = PBXSourcesBuildPhase;
			buildActionMask = 2147483647;
			files = (
			);
			runOnlyForDeploymentPostprocessing = 0;
		};
/* End PBXSourcesBuildPhase section */

/* Begin PBXTargetDependency section */
		E4D7CD772DDE256D002D1F4C /* PBXTargetDependency */ = {
			isa = PBXTargetDependency;
			target = E4D7CD662DDE256B002D1F4C /* EphemeralChroma */;
			targetProxy = E4D7CD762DDE256D002D1F4C /* PBXContainerItemProxy */;
		};
		E4D7CD812DDE256D002D1F4C /* PBXTargetDependency */ = {
			isa = PBXTargetDependency;
			target = E4D7CD662DDE256B002D1F4C /* EphemeralChroma */;
			targetProxy = E4D7CD802DDE256D002D1F4C /* PBXContainerItemProxy */;
		};
/* End PBXTargetDependency section */

/* Begin XCBuildConfiguration section */
		E4D7CD872DDE256D002D1F4C /* Debug */ = {
			isa = XCBuildConfiguration;
			buildSettings = {
				ALWAYS_SEARCH_USER_PATHS = NO;
				ASSETCATALOG_COMPILER_GENERATE_SWIFT_ASSET_SYMBOL_EXTENSIONS = YES;
				CLANG_ANALYZER_NONNULL = YES;
				CLANG_ANALYZER_NUMBER_OBJECT_CONVERSION = YES_AGGRESSIVE;
				CLANG_CXX_LANGUAGE_STANDARD = "gnu++20";
				CLANG_ENABLE_MODULES = YES;
				CLANG_ENABLE_OBJC_ARC = YES;
				CLANG_ENABLE_OBJC_WEAK = YES;
				CLANG_WARN_BLOCK_CAPTURE_AUTORELEASING = YES;
				CLANG_WARN_BOOL_CONVERSION = YES;
				CLANG_WARN_COMMA = YES;
				CLANG_WARN_CONSTANT_CONVERSION = YES;
				CLANG_WARN_DEPRECATED_OBJC_IMPLEMENTATIONS = YES;
				CLANG_WARN_DIRECT_OBJC_ISA_USAGE = YES_ERROR;
				CLANG_WARN_DOCUMENTATION_COMMENTS = YES;
				CLANG_WARN_EMPTY_BODY = YES;
				CLANG_WARN_ENUM_CONVERSION = YES;
				CLANG_WARN_INFINITE_RECURSION = YES;
				CLANG_WARN_INT_CONVERSION = YES;
				CLANG_WARN_NON_LITERAL_NULL_CONVERSION = YES;
				CLANG_WARN_OBJC_IMPLICIT_RETAIN_SELF = YES;
				CLANG_WARN_OBJC_LITERAL_CONVERSION = YES;
				CLANG_WARN_OBJC_ROOT_CLASS = YES_ERROR;
				CLANG_WARN_QUOTED_INCLUDE_IN_FRAMEWORK_HEADER = YES;
				CLANG_WARN_RANGE_LOOP_ANALYSIS = YES;
				CLANG_WARN_STRICT_PROTOTYPES = YES;
				CLANG_WARN_SUSPICIOUS_MOVE = YES;
				CLANG_WARN_UNGUARDED_AVAILABILITY = YES_AGGRESSIVE;
				CLANG_WARN_UNREACHABLE_CODE = YES;
				CLANG_WARN__DUPLICATE_METHOD_MATCH = YES;
				COPY_PHASE_STRIP = NO;
				DEBUG_INFORMATION_FORMAT = dwarf;
				DEVELOPMENT_TEAM = 6QDK6789A6;
				ENABLE_STRICT_OBJC_MSGSEND = YES;
				ENABLE_TESTABILITY = YES;
				ENABLE_USER_SCRIPT_SANDBOXING = YES;
				GCC_C_LANGUAGE_STANDARD = gnu17;
				GCC_DYNAMIC_NO_PIC = NO;
				GCC_NO_COMMON_BLOCKS = YES;
				GCC_OPTIMIZATION_LEVEL = 0;
				GCC_PREPROCESSOR_DEFINITIONS = (
					"DEBUG=1",
					"$(inherited)",
				);
				GCC_WARN_64_TO_32_BIT_CONVERSION = YES;
				GCC_WARN_ABOUT_RETURN_TYPE = YES_ERROR;
				GCC_WARN_UNDECLARED_SELECTOR = YES;
				GCC_WARN_UNINITIALIZED_AUTOS = YES_AGGRESSIVE;
				GCC_WARN_UNUSED_FUNCTION = YES;
				GCC_WARN_UNUSED_VARIABLE = YES;
				LOCALIZATION_PREFERS_STRING_CATALOGS = YES;
				MTL_ENABLE_DEBUG_INFO = INCLUDE_SOURCE;
				MTL_FAST_MATH = YES;
				ONLY_ACTIVE_ARCH = YES;
				SWIFT_ACTIVE_COMPILATION_CONDITIONS = "DEBUG $(inherited)";
				SWIFT_OPTIMIZATION_LEVEL = "-Onone";
			};
			name = Debug;
		};
		E4D7CD882DDE256D002D1F4C /* Release */ = {
			isa = XCBuildConfiguration;
			buildSettings = {
				ALWAYS_SEARCH_USER_PATHS = NO;
				ASSETCATALOG_COMPILER_GENERATE_SWIFT_ASSET_SYMBOL_EXTENSIONS = YES;
				CLANG_ANALYZER_NONNULL = YES;
				CLANG_ANALYZER_NUMBER_OBJECT_CONVERSION = YES_AGGRESSIVE;
				CLANG_CXX_LANGUAGE_STANDARD = "gnu++20";
				CLANG_ENABLE_MODULES = YES;
				CLANG_ENABLE_OBJC_ARC = YES;
				CLANG_ENABLE_OBJC_WEAK = YES;
				CLANG_WARN_BLOCK_CAPTURE_AUTORELEASING = YES;
				CLANG_WARN_BOOL_CONVERSION = YES;
				CLANG_WARN_COMMA = YES;
				CLANG_WARN_CONSTANT_CONVERSION = YES;
				CLANG_WARN_DEPRECATED_OBJC_IMPLEMENTATIONS = YES;
				CLANG_WARN_DIRECT_OBJC_ISA_USAGE = YES_ERROR;
				CLANG_WARN_DOCUMENTATION_COMMENTS = YES;
				CLANG_WARN_EMPTY_BODY = YES;
				CLANG_WARN_ENUM_CONVERSION = YES;
				CLANG_WARN_INFINITE_RECURSION = YES;
				CLANG_WARN_INT_CONVERSION = YES;
				CLANG_WARN_NON_LITERAL_NULL_CONVERSION = YES;
				CLANG_WARN_OBJC_IMPLICIT_RETAIN_SELF = YES;
				CLANG_WARN_OBJC_LITERAL_CONVERSION = YES;
				CLANG_WARN_OBJC_ROOT_CLASS = YES_ERROR;
				CLANG_WARN_QUOTED_INCLUDE_IN_FRAMEWORK_HEADER = YES;
				CLANG_WARN_RANGE_LOOP_ANALYSIS = YES;
				CLANG_WARN_STRICT_PROTOTYPES = YES;
				CLANG_WARN_SUSPICIOUS_MOVE = YES;
				CLANG_WARN_UNGUARDED_AVAILABILITY = YES_AGGRESSIVE;
				CLANG_WARN_UNREACHABLE_CODE = YES;
				CLANG_WARN__DUPLICATE_METHOD_MATCH = YES;
				COPY_PHASE_STRIP = NO;
				DEBUG_INFORMATION_FORMAT = "dwarf-with-dsym";
				DEVELOPMENT_TEAM = 6QDK6789A6;
				ENABLE_NS_ASSERTIONS = NO;
				ENABLE_STRICT_OBJC_MSGSEND = YES;
				ENABLE_USER_SCRIPT_SANDBOXING = YES;
				GCC_C_LANGUAGE_STANDARD = gnu17;
				GCC_NO_COMMON_BLOCKS = YES;
				GCC_WARN_64_TO_32_BIT_CONVERSION = YES;
				GCC_WARN_ABOUT_RETURN_TYPE = YES_ERROR;
				GCC_WARN_UNDECLARED_SELECTOR = YES;
				GCC_WARN_UNINITIALIZED_AUTOS = YES_AGGRESSIVE;
				GCC_WARN_UNUSED_FUNCTION = YES;
				GCC_WARN_UNUSED_VARIABLE = YES;
				LOCALIZATION_PREFERS_STRING_CATALOGS = YES;
				MTL_ENABLE_DEBUG_INFO = NO;
				MTL_FAST_MATH = YES;
				SWIFT_COMPILATION_MODE = wholemodule;
			};
			name = Release;
		};
		E4D7CD8A2DDE256D002D1F4C /* Debug */ = {
			isa = XCBuildConfiguration;
			buildSettings = {
				ASSETCATALOG_COMPILER_APPICON_NAME = AppIcon;
				ASSETCATALOG_COMPILER_GLOBAL_ACCENT_COLOR_NAME = AccentColor;
				CODE_SIGN_ENTITLEMENTS = EphemeralChroma/EphemeralChroma.entitlements;
				CODE_SIGN_STYLE = Automatic;
				CURRENT_PROJECT_VERSION = 1;
				DEVELOPMENT_TEAM = 6QDK6789A6;
				ENABLE_HARDENED_RUNTIME = YES;
				ENABLE_PREVIEWS = YES;
				GENERATE_INFOPLIST_FILE = YES;
				"INFOPLIST_KEY_UIApplicationSceneManifest_Generation[sdk=iphoneos*]" = YES;
				"INFOPLIST_KEY_UIApplicationSceneManifest_Generation[sdk=iphonesimulator*]" = YES;
				"INFOPLIST_KEY_UIApplicationSupportsIndirectInputEvents[sdk=iphoneos*]" = YES;
				"INFOPLIST_KEY_UIApplicationSupportsIndirectInputEvents[sdk=iphonesimulator*]" = YES;
				"INFOPLIST_KEY_UILaunchScreen_Generation[sdk=iphoneos*]" = YES;
				"INFOPLIST_KEY_UILaunchScreen_Generation[sdk=iphonesimulator*]" = YES;
				"INFOPLIST_KEY_UIStatusBarStyle[sdk=iphoneos*]" = UIStatusBarStyleDefault;
				"INFOPLIST_KEY_UIStatusBarStyle[sdk=iphonesimulator*]" = UIStatusBarStyleDefault;
				INFOPLIST_KEY_UISupportedInterfaceOrientations_iPad = "UIInterfaceOrientationPortrait UIInterfaceOrientationPortraitUpsideDown UIInterfaceOrientationLandscapeLeft UIInterfaceOrientationLandscapeRight";
				INFOPLIST_KEY_UISupportedInterfaceOrientations_iPhone = "UIInterfaceOrientationPortrait UIInterfaceOrientationLandscapeLeft UIInterfaceOrientationLandscapeRight";
				IPHONEOS_DEPLOYMENT_TARGET = 18.4;
				LD_RUNPATH_SEARCH_PATHS = "@executable_path/Frameworks";
				"LD_RUNPATH_SEARCH_PATHS[sdk=macosx*]" = "@executable_path/../Frameworks";
				MACOSX_DEPLOYMENT_TARGET = 15.4;
				MARKETING_VERSION = 1.0;
				PRODUCT_BUNDLE_IDENTIFIER = chroma.EphemeralChroma;
				PRODUCT_NAME = "$(TARGET_NAME)";
				REGISTER_APP_GROUPS = YES;
				SDKROOT = auto;
				SUPPORTED_PLATFORMS = "iphoneos iphonesimulator macosx xros xrsimulator";
				SWIFT_EMIT_LOC_STRINGS = YES;
				SWIFT_VERSION = 5.0;
				TARGETED_DEVICE_FAMILY = "1,2,7";
				XROS_DEPLOYMENT_TARGET = 2.4;
			};
			name = Debug;
		};
		E4D7CD8B2DDE256D002D1F4C /* Release */ = {
			isa = XCBuildConfiguration;
			buildSettings = {
				ASSETCATALOG_COMPILER_APPICON_NAME = AppIcon;
				ASSETCATALOG_COMPILER_GLOBAL_ACCENT_COLOR_NAME = AccentColor;
				CODE_SIGN_ENTITLEMENTS = EphemeralChroma/EphemeralChroma.entitlements;
				CODE_SIGN_STYLE = Automatic;
				CURRENT_PROJECT_VERSION = 1;
				DEVELOPMENT_TEAM = 6QDK6789A6;
				ENABLE_HARDENED_RUNTIME = YES;
				ENABLE_PREVIEWS = YES;
				GENERATE_INFOPLIST_FILE = YES;
				"INFOPLIST_KEY_UIApplicationSceneManifest_Generation[sdk=iphoneos*]" = YES;
				"INFOPLIST_KEY_UIApplicationSceneManifest_Generation[sdk=iphonesimulator*]" = YES;
				"INFOPLIST_KEY_UIApplicationSupportsIndirectInputEvents[sdk=iphoneos*]" = YES;
				"INFOPLIST_KEY_UIApplicationSupportsIndirectInputEvents[sdk=iphonesimulator*]" = YES;
				"INFOPLIST_KEY_UILaunchScreen_Generation[sdk=iphoneos*]" = YES;
				"INFOPLIST_KEY_UILaunchScreen_Generation[sdk=iphonesimulator*]" = YES;
				"INFOPLIST_KEY_UIStatusBarStyle[sdk=iphoneos*]" = UIStatusBarStyleDefault;
				"INFOPLIST_KEY_UIStatusBarStyle[sdk=iphonesimulator*]" = UIStatusBarStyleDefault;
				INFOPLIST_KEY_UISupportedInterfaceOrientations_iPad = "UIInterfaceOrientationPortrait UIInterfaceOrientationPortraitUpsideDown UIInterfaceOrientationLandscapeLeft UIInterfaceOrientationLandscapeRight";
				INFOPLIST_KEY_UISupportedInterfaceOrientations_iPhone = "UIInterfaceOrientationPortrait UIInterfaceOrientationLandscapeLeft UIInterfaceOrientationLandscapeRight";
				IPHONEOS_DEPLOYMENT_TARGET = 18.4;
				LD_RUNPATH_SEARCH_PATHS = "@executable_path/Frameworks";
				"LD_RUNPATH_SEARCH_PATHS[sdk=macosx*]" = "@executable_path/../Frameworks";
				MACOSX_DEPLOYMENT_TARGET = 15.4;
				MARKETING_VERSION = 1.0;
				PRODUCT_BUNDLE_IDENTIFIER = chroma.EphemeralChroma;
				PRODUCT_NAME = "$(TARGET_NAME)";
				REGISTER_APP_GROUPS = YES;
				SDKROOT = auto;
				SUPPORTED_PLATFORMS = "iphoneos iphonesimulator macosx xros xrsimulator";
				SWIFT_EMIT_LOC_STRINGS = YES;
				SWIFT_VERSION = 5.0;
				TARGETED_DEVICE_FAMILY = "1,2,7";
				XROS_DEPLOYMENT_TARGET = 2.4;
			};
			name = Release;
		};
		E4D7CD8D2DDE256D002D1F4C /* Debug */ = {
			isa = XCBuildConfiguration;
			buildSettings = {
				BUNDLE_LOADER = "$(TEST_HOST)";
				CODE_SIGN_STYLE = Automatic;
				CURRENT_PROJECT_VERSION = 1;
				DEVELOPMENT_TEAM = 6QDK6789A6;
				GENERATE_INFOPLIST_FILE = YES;
				IPHONEOS_DEPLOYMENT_TARGET = 18.4;
				MACOSX_DEPLOYMENT_TARGET = 15.4;
				MARKETING_VERSION = 1.0;
				PRODUCT_BUNDLE_IDENTIFIER = chroma.EphemeralChromaTests;
				PRODUCT_NAME = "$(TARGET_NAME)";
				SDKROOT = auto;
				SUPPORTED_PLATFORMS = "iphoneos iphonesimulator macosx xros xrsimulator";
				SWIFT_EMIT_LOC_STRINGS = NO;
				SWIFT_VERSION = 5.0;
				TARGETED_DEVICE_FAMILY = "1,2,7";
				TEST_HOST = "$(BUILT_PRODUCTS_DIR)/EphemeralChroma.app/$(BUNDLE_EXECUTABLE_FOLDER_PATH)/EphemeralChroma";
				XROS_DEPLOYMENT_TARGET = 2.4;
			};
			name = Debug;
		};
		E4D7CD8E2DDE256D002D1F4C /* Release */ = {
			isa = XCBuildConfiguration;
			buildSettings = {
				BUNDLE_LOADER = "$(TEST_HOST)";
				CODE_SIGN_STYLE = Automatic;
				CURRENT_PROJECT_VERSION = 1;
				DEVELOPMENT_TEAM = 6QDK6789A6;
				GENERATE_INFOPLIST_FILE = YES;
				IPHONEOS_DEPLOYMENT_TARGET = 18.4;
				MACOSX_DEPLOYMENT_TARGET = 15.4;
				MARKETING_VERSION = 1.0;
				PRODUCT_BUNDLE_IDENTIFIER = chroma.EphemeralChromaTests;
				PRODUCT_NAME = "$(TARGET_NAME)";
				SDKROOT = auto;
				SUPPORTED_PLATFORMS = "iphoneos iphonesimulator macosx xros xrsimulator";
				SWIFT_EMIT_LOC_STRINGS = NO;
				SWIFT_VERSION = 5.0;
				TARGETED_DEVICE_FAMILY = "1,2,7";
				TEST_HOST = "$(BUILT_PRODUCTS_DIR)/EphemeralChroma.app/$(BUNDLE_EXECUTABLE_FOLDER_PATH)/EphemeralChroma";
				XROS_DEPLOYMENT_TARGET = 2.4;
			};
			name = Release;
		};
		E4D7CD902DDE256D002D1F4C /* Debug */ = {
			isa = XCBuildConfiguration;
			buildSettings = {
				CODE_SIGN_STYLE = Automatic;
				CURRENT_PROJECT_VERSION = 1;
				DEVELOPMENT_TEAM = 6QDK6789A6;
				GENERATE_INFOPLIST_FILE = YES;
				IPHONEOS_DEPLOYMENT_TARGET = 18.4;
				MACOSX_DEPLOYMENT_TARGET = 15.4;
				MARKETING_VERSION = 1.0;
				PRODUCT_BUNDLE_IDENTIFIER = chroma.EphemeralChromaUITests;
				PRODUCT_NAME = "$(TARGET_NAME)";
				SDKROOT = auto;
				SUPPORTED_PLATFORMS = "iphoneos iphonesimulator macosx xros xrsimulator";
				SWIFT_EMIT_LOC_STRINGS = NO;
				SWIFT_VERSION = 5.0;
				TARGETED_DEVICE_FAMILY = "1,2,7";
				TEST_TARGET_NAME = EphemeralChroma;
				XROS_DEPLOYMENT_TARGET = 2.4;
			};
			name = Debug;
		};
		E4D7CD912DDE256D002D1F4C /* Release */ = {
			isa = XCBuildConfiguration;
			buildSettings = {
				CODE_SIGN_STYLE = Automatic;
				CURRENT_PROJECT_VERSION = 1;
				DEVELOPMENT_TEAM = 6QDK6789A6;
				GENERATE_INFOPLIST_FILE = YES;
				IPHONEOS_DEPLOYMENT_TARGET = 18.4;
				MACOSX_DEPLOYMENT_TARGET = 15.4;
				MARKETING_VERSION = 1.0;
				PRODUCT_BUNDLE_IDENTIFIER = chroma.EphemeralChromaUITests;
				PRODUCT_NAME = "$(TARGET_NAME)";
				SDKROOT = auto;
				SUPPORTED_PLATFORMS = "iphoneos iphonesimulator macosx xros xrsimulator";
				SWIFT_EMIT_LOC_STRINGS = NO;
				SWIFT_VERSION = 5.0;
				TARGETED_DEVICE_FAMILY = "1,2,7";
				TEST_TARGET_NAME = EphemeralChroma;
				XROS_DEPLOYMENT_TARGET = 2.4;
			};
			name = Release;
		};
/* End XCBuildConfiguration section */

/* Begin XCConfigurationList section */
		E4D7CD622DDE256B002D1F4C /* Build configuration list for PBXProject "EphemeralChroma" */ = {
			isa = XCConfigurationList;
			buildConfigurations = (
				E4D7CD872DDE256D002D1F4C /* Debug */,
				E4D7CD882DDE256D002D1F4C /* Release */,
			);
			defaultConfigurationIsVisible = 0;
			defaultConfigurationName = Release;
		};
		E4D7CD892DDE256D002D1F4C /* Build configuration list for PBXNativeTarget "EphemeralChroma" */ = {
			isa = XCConfigurationList;
			buildConfigurations = (
				E4D7CD8A2DDE256D002D1F4C /* Debug */,
				E4D7CD8B2DDE256D002D1F4C /* Release */,
			);
			defaultConfigurationIsVisible = 0;
			defaultConfigurationName = Release;
		};
		E4D7CD8C2DDE256D002D1F4C /* Build configuration list for PBXNativeTarget "EphemeralChromaTests" */ = {
			isa = XCConfigurationList;
			buildConfigurations = (
				E4D7CD8D2DDE256D002D1F4C /* Debug */,
				E4D7CD8E2DDE256D002D1F4C /* Release */,
			);
			defaultConfigurationIsVisible = 0;
			defaultConfigurationName = Release;
		};
		E4D7CD8F2DDE256D002D1F4C /* Build configuration list for PBXNativeTarget "EphemeralChromaUITests" */ = {
			isa = XCConfigurationList;
			buildConfigurations = (
				E4D7CD902DDE256D002D1F4C /* Debug */,
				E4D7CD912DDE256D002D1F4C /* Release */,
			);
			defaultConfigurationIsVisible = 0;
			defaultConfigurationName = Release;
		};
/* End XCConfigurationList section */

/* Begin XCLocalSwiftPackageReference section */
		E4D7CD922DDE2586002D1F4C /* XCLocalSwiftPackageReference "../../Chroma" */ = {
			isa = XCLocalSwiftPackageReference;
			relativePath = ../../Chroma;
		};
/* End XCLocalSwiftPackageReference section */

/* Begin XCSwiftPackageProductDependency section */
		E4D7CD932DDE2586002D1F4C /* Chroma */ = {
			isa = XCSwiftPackageProductDependency;
			productName = Chroma;
		};
/* End XCSwiftPackageProductDependency section */
	};
	rootObject = E4D7CD5F2DDE256B002D1F4C /* Project object */;
}
