# This file is generated by running "yarn install" inside your project.
# Manual changes might be lost - proceed with caution!

__metadata:
  version: 8
  cacheKey: 10c0

"@isaacs/fs-minipass@npm:^4.0.0":
  version: 4.0.1
  resolution: "@isaacs/fs-minipass@npm:4.0.1"
  dependencies:
    minipass: "npm:^7.0.4"
  checksum: 10c0/c25b6dc1598790d5b55c0947a9b7d111cfa92594db5296c3b907e2f533c033666f692a3939eadac17b1c7c40d362d0b0635dc874cbfe3e70db7c2b07cc97a5d2
  languageName: node
  linkType: hard

"@mapbox/node-pre-gyp@npm:^2.0.0-rc.0":
  version: 2.0.0
  resolution: "@mapbox/node-pre-gyp@npm:2.0.0"
  dependencies:
    consola: "npm:^3.2.3"
    detect-libc: "npm:^2.0.0"
    https-proxy-agent: "npm:^7.0.5"
    node-fetch: "npm:^2.6.7"
    nopt: "npm:^8.0.0"
    semver: "npm:^7.5.3"
    tar: "npm:^7.4.0"
  bin:
    node-pre-gyp: bin/node-pre-gyp
  checksum: 10c0/7d874c7f6f5560a87be7207f28d9a4e53b750085a82167608fd573aab8073645e95b3608f69e244df0e1d24e90a66525aeae708aba82ca73ff668ed0ab6abda6
  languageName: node
  linkType: hard

"@napi-rs/cli@npm:^2.18.4":
  version: 2.18.4
  resolution: "@napi-rs/cli@npm:2.18.4"
  bin:
    napi: scripts/index.js
  checksum: 10c0/cb80bc86687ba01077a0faa8d38198bc632b7caacf3a42ec42c3ec04700084ca26be9eec13bf7ac7da90e6afb46c65a39de8a86825a53b74dec2f2f459c0a7ea
  languageName: node
  linkType: hard

"@nodelib/fs.scandir@npm:2.1.5":
  version: 2.1.5
  resolution: "@nodelib/fs.scandir@npm:2.1.5"
  dependencies:
    "@nodelib/fs.stat": "npm:2.0.5"
    run-parallel: "npm:^1.1.9"
  checksum: 10c0/732c3b6d1b1e967440e65f284bd06e5821fedf10a1bea9ed2bb75956ea1f30e08c44d3def9d6a230666574edbaf136f8cfd319c14fd1f87c66e6a44449afb2eb
  languageName: node
  linkType: hard

"@nodelib/fs.stat@npm:2.0.5, @nodelib/fs.stat@npm:^2.0.2":
  version: 2.0.5
  resolution: "@nodelib/fs.stat@npm:2.0.5"
  checksum: 10c0/88dafe5e3e29a388b07264680dc996c17f4bda48d163a9d4f5c1112979f0ce8ec72aa7116122c350b4e7976bc5566dc3ddb579be1ceaacc727872eb4ed93926d
  languageName: node
  linkType: hard

"@nodelib/fs.walk@npm:^1.2.3":
  version: 1.2.8
  resolution: "@nodelib/fs.walk@npm:1.2.8"
  dependencies:
    "@nodelib/fs.scandir": "npm:2.1.5"
    fastq: "npm:^1.6.0"
  checksum: 10c0/db9de047c3bb9b51f9335a7bb46f4fcfb6829fb628318c12115fbaf7d369bfce71c15b103d1fc3b464812d936220ee9bc1c8f762d032c9f6be9acc99249095b1
  languageName: node
  linkType: hard

"@rollup/pluginutils@npm:^5.1.3":
  version: 5.1.4
  resolution: "@rollup/pluginutils@npm:5.1.4"
  dependencies:
    "@types/estree": "npm:^1.0.0"
    estree-walker: "npm:^2.0.2"
    picomatch: "npm:^4.0.2"
  peerDependencies:
    rollup: ^1.20.0||^2.0.0||^3.0.0||^4.0.0
  peerDependenciesMeta:
    rollup:
      optional: true
  checksum: 10c0/6d58fbc6f1024eb4b087bc9bf59a1d655a8056a60c0b4021d3beaeec3f0743503f52467fd89d2cf0e7eccf2831feb40a05ad541a17637ea21ba10b21c2004deb
  languageName: node
  linkType: hard

"@sindresorhus/merge-streams@npm:^2.1.0":
  version: 2.3.0
  resolution: "@sindresorhus/merge-streams@npm:2.3.0"
  checksum: 10c0/69ee906f3125fb2c6bb6ec5cdd84e8827d93b49b3892bce8b62267116cc7e197b5cccf20c160a1d32c26014ecd14470a72a5e3ee37a58f1d6dadc0db1ccf3894
  languageName: node
  linkType: hard

"@types/estree@npm:^1.0.0":
  version: 1.0.7
  resolution: "@types/estree@npm:1.0.7"
  checksum: 10c0/be815254316882f7c40847336cd484c3bc1c3e34f710d197160d455dc9d6d050ffbf4c3bc76585dba86f737f020ab20bdb137ebe0e9116b0c86c7c0342221b8c
  languageName: node
  linkType: hard

"@vercel/nft@npm:^0.27.5":
  version: 0.27.10
  resolution: "@vercel/nft@npm:0.27.10"
  dependencies:
    "@mapbox/node-pre-gyp": "npm:^2.0.0-rc.0"
    "@rollup/pluginutils": "npm:^5.1.3"
    acorn: "npm:^8.6.0"
    acorn-import-attributes: "npm:^1.9.5"
    async-sema: "npm:^3.1.1"
    bindings: "npm:^1.4.0"
    estree-walker: "npm:2.0.2"
    glob: "npm:^7.1.3"
    graceful-fs: "npm:^4.2.9"
    node-gyp-build: "npm:^4.2.2"
    picomatch: "npm:^4.0.2"
    resolve-from: "npm:^5.0.0"
  bin:
    nft: out/cli.js
  checksum: 10c0/8fec187317d8e390e00f5cacc07839add40a67977dfce2edab0844b51821d012bb807d692c08b0ede03e767e735fb592e6c71d6dd2379ba4dc298a96df09e3d6
  languageName: node
  linkType: hard

"abbrev@npm:^3.0.0":
  version: 3.0.0
  resolution: "abbrev@npm:3.0.0"
  checksum: 10c0/049704186396f571650eb7b22ed3627b77a5aedf98bb83caf2eac81ca2a3e25e795394b0464cfb2d6076df3db6a5312139eac5b6a126ca296ac53c5008069c28
  languageName: node
  linkType: hard

"acorn-import-attributes@npm:^1.9.5":
  version: 1.9.5
  resolution: "acorn-import-attributes@npm:1.9.5"
  peerDependencies:
    acorn: ^8
  checksum: 10c0/5926eaaead2326d5a86f322ff1b617b0f698aa61dc719a5baa0e9d955c9885cc71febac3fb5bacff71bbf2c4f9c12db2056883c68c53eb962c048b952e1e013d
  languageName: node
  linkType: hard

"acorn-walk@npm:^8.3.4":
  version: 8.3.4
  resolution: "acorn-walk@npm:8.3.4"
  dependencies:
    acorn: "npm:^8.11.0"
  checksum: 10c0/76537ac5fb2c37a64560feaf3342023dadc086c46da57da363e64c6148dc21b57d49ace26f949e225063acb6fb441eabffd89f7a3066de5ad37ab3e328927c62
  languageName: node
  linkType: hard

"acorn@npm:^8.11.0, acorn@npm:^8.13.0, acorn@npm:^8.6.0":
  version: 8.14.1
  resolution: "acorn@npm:8.14.1"
  bin:
    acorn: bin/acorn
  checksum: 10c0/dbd36c1ed1d2fa3550140000371fcf721578095b18777b85a79df231ca093b08edc6858d75d6e48c73e431c174dcf9214edbd7e6fa5911b93bd8abfa54e47123
  languageName: node
  linkType: hard

"agent-base@npm:^7.1.2":
  version: 7.1.3
  resolution: "agent-base@npm:7.1.3"
  checksum: 10c0/6192b580c5b1d8fb399b9c62bf8343d76654c2dd62afcb9a52b2cf44a8b6ace1e3b704d3fe3547d91555c857d3df02603341ff2cb961b9cfe2b12f9f3c38ee11
  languageName: node
  linkType: hard

"ansi-regex@npm:^5.0.1":
  version: 5.0.1
  resolution: "ansi-regex@npm:5.0.1"
  checksum: 10c0/9a64bb8627b434ba9327b60c027742e5d17ac69277960d041898596271d992d4d52ba7267a63ca10232e29f6107fc8a835f6ce8d719b88c5f8493f8254813737
  languageName: node
  linkType: hard

"ansi-regex@npm:^6.0.1":
  version: 6.1.0
  resolution: "ansi-regex@npm:6.1.0"
  checksum: 10c0/a91daeddd54746338478eef88af3439a7edf30f8e23196e2d6ed182da9add559c601266dbef01c2efa46a958ad6f1f8b176799657616c702b5b02e799e7fd8dc
  languageName: node
  linkType: hard

"ansi-styles@npm:^4.0.0":
  version: 4.3.0
  resolution: "ansi-styles@npm:4.3.0"
  dependencies:
    color-convert: "npm:^2.0.1"
  checksum: 10c0/895a23929da416f2bd3de7e9cb4eabd340949328ab85ddd6e484a637d8f6820d485f53933446f5291c3b760cbc488beb8e88573dd0f9c7daf83dccc8fe81b041
  languageName: node
  linkType: hard

"ansi-styles@npm:^6.0.0, ansi-styles@npm:^6.2.1":
  version: 6.2.1
  resolution: "ansi-styles@npm:6.2.1"
  checksum: 10c0/5d1ec38c123984bcedd996eac680d548f31828bd679a66db2bdf11844634dde55fec3efa9c6bb1d89056a5e79c1ac540c4c784d592ea1d25028a92227d2f2d5c
  languageName: node
  linkType: hard

"argparse@npm:^1.0.7":
  version: 1.0.10
  resolution: "argparse@npm:1.0.10"
  dependencies:
    sprintf-js: "npm:~1.0.2"
  checksum: 10c0/b2972c5c23c63df66bca144dbc65d180efa74f25f8fd9b7d9a0a6c88ae839db32df3d54770dcb6460cf840d232b60695d1a6b1053f599d84e73f7437087712de
  languageName: node
  linkType: hard

"array-find-index@npm:^1.0.1":
  version: 1.0.2
  resolution: "array-find-index@npm:1.0.2"
  checksum: 10c0/86b9485c74ddd324feab807e10a6de3f9c1683856267236fac4bb4d4667ada6463e106db3f6c540ae6b720e0442b590ec701d13676df4c6af30ebf4da09b4f57
  languageName: node
  linkType: hard

"arrgv@npm:^1.0.2":
  version: 1.0.2
  resolution: "arrgv@npm:1.0.2"
  checksum: 10c0/7e6e782e6b749923ac7cbc4048ef6fe0844c4a59bfc8932fcd4c44566ba25eed46501f94dd7cf3c7297da88f3f599ca056bfb77d0c2484aebc92f04239f69124
  languageName: node
  linkType: hard

"arrify@npm:^3.0.0":
  version: 3.0.0
  resolution: "arrify@npm:3.0.0"
  checksum: 10c0/2e26601b8486f29780f1f70f7ac05a226755814c2a3ab42e196748f650af1dc310cd575a11dd4b9841c70fd7460b2dd2b8fe6fb7a3375878e2660706efafa58e
  languageName: node
  linkType: hard

"async-sema@npm:^3.1.1":
  version: 3.1.1
  resolution: "async-sema@npm:3.1.1"
  checksum: 10c0/a16da9f7f2dbdd00a969bf264b7ad331b59df3eac2b38f529b881c5cc8662594e68ed096d927ec2aabdc13454379cdc6d677bcdb0a3d2db338fb4be17957832b
  languageName: node
  linkType: hard

"ava@npm:^6.0.1":
  version: 6.2.0
  resolution: "ava@npm:6.2.0"
  dependencies:
    "@vercel/nft": "npm:^0.27.5"
    acorn: "npm:^8.13.0"
    acorn-walk: "npm:^8.3.4"
    ansi-styles: "npm:^6.2.1"
    arrgv: "npm:^1.0.2"
    arrify: "npm:^3.0.0"
    callsites: "npm:^4.2.0"
    cbor: "npm:^9.0.2"
    chalk: "npm:^5.3.0"
    chunkd: "npm:^2.0.1"
    ci-info: "npm:^4.0.0"
    ci-parallel-vars: "npm:^1.0.1"
    cli-truncate: "npm:^4.0.0"
    code-excerpt: "npm:^4.0.0"
    common-path-prefix: "npm:^3.0.0"
    concordance: "npm:^5.0.4"
    currently-unhandled: "npm:^0.4.1"
    debug: "npm:^4.3.7"
    emittery: "npm:^1.0.3"
    figures: "npm:^6.1.0"
    globby: "npm:^14.0.2"
    ignore-by-default: "npm:^2.1.0"
    indent-string: "npm:^5.0.0"
    is-plain-object: "npm:^5.0.0"
    is-promise: "npm:^4.0.0"
    matcher: "npm:^5.0.0"
    memoize: "npm:^10.0.0"
    ms: "npm:^2.1.3"
    p-map: "npm:^7.0.2"
    package-config: "npm:^5.0.0"
    picomatch: "npm:^4.0.2"
    plur: "npm:^5.1.0"
    pretty-ms: "npm:^9.1.0"
    resolve-cwd: "npm:^3.0.0"
    stack-utils: "npm:^2.0.6"
    strip-ansi: "npm:^7.1.0"
    supertap: "npm:^3.0.1"
    temp-dir: "npm:^3.0.0"
    write-file-atomic: "npm:^6.0.0"
    yargs: "npm:^17.7.2"
  peerDependencies:
    "@ava/typescript": "*"
  peerDependenciesMeta:
    "@ava/typescript":
      optional: true
  bin:
    ava: entrypoints/cli.mjs
  checksum: 10c0/25a37413c9ee1b5322dc5a266f546236ea4b52e5c04ae4b52a7b26db9263eebe2dbcda687bf4d464867e558e9148e4567aa09a7ec91d46e3218ab93204e3c653
  languageName: node
  linkType: hard

"balanced-match@npm:^1.0.0":
  version: 1.0.2
  resolution: "balanced-match@npm:1.0.2"
  checksum: 10c0/9308baf0a7e4838a82bbfd11e01b1cb0f0cf2893bc1676c27c2a8c0e70cbae1c59120c3268517a8ae7fb6376b4639ef81ca22582611dbee4ed28df945134aaee
  languageName: node
  linkType: hard

"bindings@npm:^1.4.0":
  version: 1.5.0
  resolution: "bindings@npm:1.5.0"
  dependencies:
    file-uri-to-path: "npm:1.0.0"
  checksum: 10c0/3dab2491b4bb24124252a91e656803eac24292473e56554e35bbfe3cc1875332cfa77600c3bac7564049dc95075bf6fcc63a4609920ff2d64d0fe405fcf0d4ba
  languageName: node
  linkType: hard

"blueimp-md5@npm:^2.10.0":
  version: 2.19.0
  resolution: "blueimp-md5@npm:2.19.0"
  checksum: 10c0/85d04343537dd99a288c62450341dcce7380d3454c81f8e5a971ddd80307d6f9ef51b5b92ad7d48aaaa92fd6d3a1f6b2f4fada068faae646887f7bfabc17a346
  languageName: node
  linkType: hard

"brace-expansion@npm:^1.1.7":
  version: 1.1.11
  resolution: "brace-expansion@npm:1.1.11"
  dependencies:
    balanced-match: "npm:^1.0.0"
    concat-map: "npm:0.0.1"
  checksum: 10c0/695a56cd058096a7cb71fb09d9d6a7070113c7be516699ed361317aca2ec169f618e28b8af352e02ab4233fb54eb0168460a40dc320bab0034b36ab59aaad668
  languageName: node
  linkType: hard

"braces@npm:^3.0.3":
  version: 3.0.3
  resolution: "braces@npm:3.0.3"
  dependencies:
    fill-range: "npm:^7.1.1"
  checksum: 10c0/7c6dfd30c338d2997ba77500539227b9d1f85e388a5f43220865201e407e076783d0881f2d297b9f80951b4c957fcf0b51c1d2d24227631643c3f7c284b0aa04
  languageName: node
  linkType: hard

"callsites@npm:^4.2.0":
  version: 4.2.0
  resolution: "callsites@npm:4.2.0"
  checksum: 10c0/8f7e269ec09fc0946bb22d838a8bc7932e1909ab4a833b964749f4d0e8bdeaa1f253287c4f911f61781f09620b6925ccd19a5ea4897489c4e59442c660c312a3
  languageName: node
  linkType: hard

"cbor@npm:^9.0.2":
  version: 9.0.2
  resolution: "cbor@npm:9.0.2"
  dependencies:
    nofilter: "npm:^3.1.0"
  checksum: 10c0/709d4378067e663107b3d63a02d123a7b33e28946b4c5cc40c102f2f0ba13b072a79adc4369bb87a4e743399fce45deec30463fc84d363ab7cb39192d0fe5f30
  languageName: node
  linkType: hard

"chalk@npm:^5.3.0":
  version: 5.4.1
  resolution: "chalk@npm:5.4.1"
  checksum: 10c0/b23e88132c702f4855ca6d25cb5538b1114343e41472d5263ee8a37cccfccd9c4216d111e1097c6a27830407a1dc81fecdf2a56f2c63033d4dbbd88c10b0dcef
  languageName: node
  linkType: hard

"chownr@npm:^3.0.0":
  version: 3.0.0
  resolution: "chownr@npm:3.0.0"
  checksum: 10c0/43925b87700f7e3893296c8e9c56cc58f926411cce3a6e5898136daaf08f08b9a8eb76d37d3267e707d0dcc17aed2e2ebdf5848c0c3ce95cf910a919935c1b10
  languageName: node
  linkType: hard

"chromadb-rust-bindings@workspace:.":
  version: 0.0.0-use.local
  resolution: "chromadb-rust-bindings@workspace:."
  dependencies:
    "@napi-rs/cli": "npm:^2.18.4"
    ava: "npm:^6.0.1"
  languageName: unknown
  linkType: soft

"chunkd@npm:^2.0.1":
  version: 2.0.1
  resolution: "chunkd@npm:2.0.1"
  checksum: 10c0/4e0c5aac6048ecedfa4cd0a5f6c4f010c70a7b7645aeca7bfeb47cb0733c3463054f0ced3f2667b2e0e67edd75d68a8e05481b01115ba3f8a952a93026254504
  languageName: node
  linkType: hard

"ci-info@npm:^4.0.0":
  version: 4.2.0
  resolution: "ci-info@npm:4.2.0"
  checksum: 10c0/37a2f4b6a213a5cf835890eb0241f0d5b022f6cfefde58a69e9af8e3a0e71e06d6ad7754b0d4efb9cd2613e58a7a33996d71b56b0d04242722e86666f3f3d058
  languageName: node
  linkType: hard

"ci-parallel-vars@npm:^1.0.1":
  version: 1.0.1
  resolution: "ci-parallel-vars@npm:1.0.1"
  checksum: 10c0/80952f699cbbc146092b077b4f3e28d085620eb4e6be37f069b4dbb3db0ee70e8eec3beef4ebe70ff60631e9fc743b9d0869678489f167442cac08b260e5ac08
  languageName: node
  linkType: hard

"cli-truncate@npm:^4.0.0":
  version: 4.0.0
  resolution: "cli-truncate@npm:4.0.0"
  dependencies:
    slice-ansi: "npm:^5.0.0"
    string-width: "npm:^7.0.0"
  checksum: 10c0/d7f0b73e3d9b88cb496e6c086df7410b541b56a43d18ade6a573c9c18bd001b1c3fba1ad578f741a4218fdc794d042385f8ac02c25e1c295a2d8b9f3cb86eb4c
  languageName: node
  linkType: hard

"cliui@npm:^8.0.1":
  version: 8.0.1
  resolution: "cliui@npm:8.0.1"
  dependencies:
    string-width: "npm:^4.2.0"
    strip-ansi: "npm:^6.0.1"
    wrap-ansi: "npm:^7.0.0"
  checksum: 10c0/4bda0f09c340cbb6dfdc1ed508b3ca080f12992c18d68c6be4d9cf51756033d5266e61ec57529e610dacbf4da1c634423b0c1b11037709cc6b09045cbd815df5
  languageName: node
  linkType: hard

"code-excerpt@npm:^4.0.0":
  version: 4.0.0
  resolution: "code-excerpt@npm:4.0.0"
  dependencies:
    convert-to-spaces: "npm:^2.0.1"
  checksum: 10c0/b6c5a06e039cecd2ab6a0e10ee0831de8362107d1f298ca3558b5f9004cb8e0260b02dd6c07f57b9a0e346c76864d2873311ee1989809fdeb05bd5fbbadde773
  languageName: node
  linkType: hard

"color-convert@npm:^2.0.1":
  version: 2.0.1
  resolution: "color-convert@npm:2.0.1"
  dependencies:
    color-name: "npm:~1.1.4"
  checksum: 10c0/37e1150172f2e311fe1b2df62c6293a342ee7380da7b9cfdba67ea539909afbd74da27033208d01d6d5cfc65ee7868a22e18d7e7648e004425441c0f8a15a7d7
  languageName: node
  linkType: hard

"color-name@npm:~1.1.4":
  version: 1.1.4
  resolution: "color-name@npm:1.1.4"
  checksum: 10c0/a1a3f914156960902f46f7f56bc62effc6c94e84b2cae157a526b1c1f74b677a47ec602bf68a61abfa2b42d15b7c5651c6dbe72a43af720bc588dff885b10f95
  languageName: node
  linkType: hard

"common-path-prefix@npm:^3.0.0":
  version: 3.0.0
  resolution: "common-path-prefix@npm:3.0.0"
  checksum: 10c0/c4a74294e1b1570f4a8ab435285d185a03976c323caa16359053e749db4fde44e3e6586c29cd051100335e11895767cbbd27ea389108e327d62f38daf4548fdb
  languageName: node
  linkType: hard

"concat-map@npm:0.0.1":
  version: 0.0.1
  resolution: "concat-map@npm:0.0.1"
  checksum: 10c0/c996b1cfdf95b6c90fee4dae37e332c8b6eb7d106430c17d538034c0ad9a1630cb194d2ab37293b1bdd4d779494beee7786d586a50bd9376fd6f7bcc2bd4c98f
  languageName: node
  linkType: hard

"concordance@npm:^5.0.4":
  version: 5.0.4
  resolution: "concordance@npm:5.0.4"
  dependencies:
    date-time: "npm:^3.1.0"
    esutils: "npm:^2.0.3"
    fast-diff: "npm:^1.2.0"
    js-string-escape: "npm:^1.0.1"
    lodash: "npm:^4.17.15"
    md5-hex: "npm:^3.0.1"
    semver: "npm:^7.3.2"
    well-known-symbols: "npm:^2.0.0"
  checksum: 10c0/59b440f330df3a7c9aa148ba588b3e99aed86acab225b4f01ffcea34ace4cf11f817e31153254e8f38ed48508998dad40b9106951a743c334d751f7ab21afb8a
  languageName: node
  linkType: hard

"consola@npm:^3.2.3":
  version: 3.4.2
  resolution: "consola@npm:3.4.2"
  checksum: 10c0/7cebe57ecf646ba74b300bcce23bff43034ed6fbec9f7e39c27cee1dc00df8a21cd336b466ad32e304ea70fba04ec9e890c200270de9a526ce021ba8a7e4c11a
  languageName: node
  linkType: hard

"convert-to-spaces@npm:^2.0.1":
  version: 2.0.1
  resolution: "convert-to-spaces@npm:2.0.1"
  checksum: 10c0/d90aa0e3b6a27f9d5265a8d32def3c5c855b3e823a9db1f26d772f8146d6b91020a2fdfd905ce8048a73fad3aaf836fef8188c67602c374405e2ae8396c4ac46
  languageName: node
  linkType: hard

"currently-unhandled@npm:^0.4.1":
  version: 0.4.1
  resolution: "currently-unhandled@npm:0.4.1"
  dependencies:
    array-find-index: "npm:^1.0.1"
  checksum: 10c0/32d197689ec32f035910202c1abb0dc6424dce01d7b51779c685119b380d98535c110ffff67a262fc7e367612a7dfd30d3d3055f9a6634b5a9dd1302de7ef11c
  languageName: node
  linkType: hard

"date-time@npm:^3.1.0":
  version: 3.1.0
  resolution: "date-time@npm:3.1.0"
  dependencies:
    time-zone: "npm:^1.0.0"
  checksum: 10c0/aa3e2e930d74b0b9e90f69de7a16d3376e30f21f1f4ce9a2311d8fec32d760e776efea752dafad0ce188187265235229013036202be053fc2d7979813bfb6ded
  languageName: node
  linkType: hard

"debug@npm:4, debug@npm:^4.3.7":
  version: 4.4.0
  resolution: "debug@npm:4.4.0"
  dependencies:
    ms: "npm:^2.1.3"
  peerDependenciesMeta:
    supports-color:
      optional: true
  checksum: 10c0/db94f1a182bf886f57b4755f85b3a74c39b5114b9377b7ab375dc2cfa3454f09490cc6c30f829df3fc8042bc8b8995f6567ce5cd96f3bc3688bd24027197d9de
  languageName: node
  linkType: hard

"detect-libc@npm:^2.0.0":
  version: 2.0.3
  resolution: "detect-libc@npm:2.0.3"
  checksum: 10c0/88095bda8f90220c95f162bf92cad70bd0e424913e655c20578600e35b91edc261af27531cf160a331e185c0ced93944bc7e09939143225f56312d7fd800fdb7
  languageName: node
  linkType: hard

"emittery@npm:^1.0.3":
  version: 1.1.0
  resolution: "emittery@npm:1.1.0"
  checksum: 10c0/645d4d7307b52c81bb2d2f9f320aa6a3c0225f53a4bfef2d337be8086df975746f7dd619f1dd7b2ffd4f2288103f28019e7b8567718677600e47507496d3af5f
  languageName: node
  linkType: hard

"emoji-regex@npm:^10.3.0":
  version: 10.4.0
  resolution: "emoji-regex@npm:10.4.0"
  checksum: 10c0/a3fcedfc58bfcce21a05a5f36a529d81e88d602100145fcca3dc6f795e3c8acc4fc18fe773fbf9b6d6e9371205edb3afa2668ec3473fa2aa7fd47d2a9d46482d
  languageName: node
  linkType: hard

"emoji-regex@npm:^8.0.0":
  version: 8.0.0
  resolution: "emoji-regex@npm:8.0.0"
  checksum: 10c0/b6053ad39951c4cf338f9092d7bfba448cdfd46fe6a2a034700b149ac9ffbc137e361cbd3c442297f86bed2e5f7576c1b54cc0a6bf8ef5106cc62f496af35010
  languageName: node
  linkType: hard

"escalade@npm:^3.1.1":
  version: 3.2.0
  resolution: "escalade@npm:3.2.0"
  checksum: 10c0/ced4dd3a78e15897ed3be74e635110bbf3b08877b0a41be50dcb325ee0e0b5f65fc2d50e9845194d7c4633f327e2e1c6cce00a71b617c5673df0374201d67f65
  languageName: node
  linkType: hard

"escape-string-regexp@npm:^2.0.0":
  version: 2.0.0
  resolution: "escape-string-regexp@npm:2.0.0"
  checksum: 10c0/2530479fe8db57eace5e8646c9c2a9c80fa279614986d16dcc6bcaceb63ae77f05a851ba6c43756d816c61d7f4534baf56e3c705e3e0d884818a46808811c507
  languageName: node
  linkType: hard

"escape-string-regexp@npm:^5.0.0":
  version: 5.0.0
  resolution: "escape-string-regexp@npm:5.0.0"
  checksum: 10c0/6366f474c6f37a802800a435232395e04e9885919873e382b157ab7e8f0feb8fed71497f84a6f6a81a49aab41815522f5839112bd38026d203aea0c91622df95
  languageName: node
  linkType: hard

"esprima@npm:^4.0.0":
  version: 4.0.1
  resolution: "esprima@npm:4.0.1"
  bin:
    esparse: ./bin/esparse.js
    esvalidate: ./bin/esvalidate.js
  checksum: 10c0/ad4bab9ead0808cf56501750fd9d3fb276f6b105f987707d059005d57e182d18a7c9ec7f3a01794ebddcca676773e42ca48a32d67a250c9d35e009ca613caba3
  languageName: node
  linkType: hard

"estree-walker@npm:2.0.2, estree-walker@npm:^2.0.2":
  version: 2.0.2
  resolution: "estree-walker@npm:2.0.2"
  checksum: 10c0/53a6c54e2019b8c914dc395890153ffdc2322781acf4bd7d1a32d7aedc1710807bdcd866ac133903d5629ec601fbb50abe8c2e5553c7f5a0afdd9b6af6c945af
  languageName: node
  linkType: hard

"esutils@npm:^2.0.3":
  version: 2.0.3
  resolution: "esutils@npm:2.0.3"
  checksum: 10c0/9a2fe69a41bfdade834ba7c42de4723c97ec776e40656919c62cbd13607c45e127a003f05f724a1ea55e5029a4cf2de444b13009f2af71271e42d93a637137c7
  languageName: node
  linkType: hard

"fast-diff@npm:^1.2.0":
  version: 1.3.0
  resolution: "fast-diff@npm:1.3.0"
  checksum: 10c0/5c19af237edb5d5effda008c891a18a585f74bf12953be57923f17a3a4d0979565fc64dbc73b9e20926b9d895f5b690c618cbb969af0cf022e3222471220ad29
  languageName: node
  linkType: hard

"fast-glob@npm:^3.3.3":
  version: 3.3.3
  resolution: "fast-glob@npm:3.3.3"
  dependencies:
    "@nodelib/fs.stat": "npm:^2.0.2"
    "@nodelib/fs.walk": "npm:^1.2.3"
    glob-parent: "npm:^5.1.2"
    merge2: "npm:^1.3.0"
    micromatch: "npm:^4.0.8"
  checksum: 10c0/f6aaa141d0d3384cf73cbcdfc52f475ed293f6d5b65bfc5def368b09163a9f7e5ec2b3014d80f733c405f58e470ee0cc451c2937685045cddcdeaa24199c43fe
  languageName: node
  linkType: hard

"fastq@npm:^1.6.0":
  version: 1.19.1
  resolution: "fastq@npm:1.19.1"
  dependencies:
    reusify: "npm:^1.0.4"
  checksum: 10c0/ebc6e50ac7048daaeb8e64522a1ea7a26e92b3cee5cd1c7f2316cdca81ba543aa40a136b53891446ea5c3a67ec215fbaca87ad405f102dd97012f62916905630
  languageName: node
  linkType: hard

"figures@npm:^6.1.0":
  version: 6.1.0
  resolution: "figures@npm:6.1.0"
  dependencies:
    is-unicode-supported: "npm:^2.0.0"
  checksum: 10c0/9159df4264d62ef447a3931537de92f5012210cf5135c35c010df50a2169377581378149abfe1eb238bd6acbba1c0d547b1f18e0af6eee49e30363cedaffcfe4
  languageName: node
  linkType: hard

"file-uri-to-path@npm:1.0.0":
  version: 1.0.0
  resolution: "file-uri-to-path@npm:1.0.0"
  checksum: 10c0/3b545e3a341d322d368e880e1c204ef55f1d45cdea65f7efc6c6ce9e0c4d22d802d5629320eb779d006fe59624ac17b0e848d83cc5af7cd101f206cb704f5519
  languageName: node
  linkType: hard

"fill-range@npm:^7.1.1":
  version: 7.1.1
  resolution: "fill-range@npm:7.1.1"
  dependencies:
    to-regex-range: "npm:^5.0.1"
  checksum: 10c0/b75b691bbe065472f38824f694c2f7449d7f5004aa950426a2c28f0306c60db9b880c0b0e4ed819997ffb882d1da02cfcfc819bddc94d71627f5269682edf018
  languageName: node
  linkType: hard

"find-up-simple@npm:^1.0.0":
  version: 1.0.1
  resolution: "find-up-simple@npm:1.0.1"
  checksum: 10c0/ad34de157b7db925d50ff78302fefb28e309f3bc947c93ffca0f9b0bccf9cf1a2dc57d805d5c94ec9fc60f4838f5dbdfd2a48ecd77c23015fa44c6dd5f60bc40
  languageName: node
  linkType: hard

"fs.realpath@npm:^1.0.0":
  version: 1.0.0
  resolution: "fs.realpath@npm:1.0.0"
  checksum: 10c0/444cf1291d997165dfd4c0d58b69f0e4782bfd9149fd72faa4fe299e68e0e93d6db941660b37dd29153bf7186672ececa3b50b7e7249477b03fdf850f287c948
  languageName: node
  linkType: hard

"get-caller-file@npm:^2.0.5":
  version: 2.0.5
  resolution: "get-caller-file@npm:2.0.5"
  checksum: 10c0/c6c7b60271931fa752aeb92f2b47e355eac1af3a2673f47c9589e8f8a41adc74d45551c1bc57b5e66a80609f10ffb72b6f575e4370d61cc3f7f3aaff01757cde
  languageName: node
  linkType: hard

"get-east-asian-width@npm:^1.0.0":
  version: 1.3.0
  resolution: "get-east-asian-width@npm:1.3.0"
  checksum: 10c0/1a049ba697e0f9a4d5514c4623781c5246982bdb61082da6b5ae6c33d838e52ce6726407df285cdbb27ec1908b333cf2820989bd3e986e37bb20979437fdf34b
  languageName: node
  linkType: hard

"glob-parent@npm:^5.1.2":
  version: 5.1.2
  resolution: "glob-parent@npm:5.1.2"
  dependencies:
    is-glob: "npm:^4.0.1"
  checksum: 10c0/cab87638e2112bee3f839ef5f6e0765057163d39c66be8ec1602f3823da4692297ad4e972de876ea17c44d652978638d2fd583c6713d0eb6591706825020c9ee
  languageName: node
  linkType: hard

"glob@npm:^7.1.3":
  version: 7.2.3
  resolution: "glob@npm:7.2.3"
  dependencies:
    fs.realpath: "npm:^1.0.0"
    inflight: "npm:^1.0.4"
    inherits: "npm:2"
    minimatch: "npm:^3.1.1"
    once: "npm:^1.3.0"
    path-is-absolute: "npm:^1.0.0"
  checksum: 10c0/65676153e2b0c9095100fe7f25a778bf45608eeb32c6048cf307f579649bcc30353277b3b898a3792602c65764e5baa4f643714dfbdfd64ea271d210c7a425fe
  languageName: node
  linkType: hard

"globby@npm:^14.0.2":
  version: 14.1.0
  resolution: "globby@npm:14.1.0"
  dependencies:
    "@sindresorhus/merge-streams": "npm:^2.1.0"
    fast-glob: "npm:^3.3.3"
    ignore: "npm:^7.0.3"
    path-type: "npm:^6.0.0"
    slash: "npm:^5.1.0"
    unicorn-magic: "npm:^0.3.0"
  checksum: 10c0/527a1063c5958255969620c6fa4444a2b2e9278caddd571d46dfbfa307cb15977afb746e84d682ba5b6c94fc081e8997f80ff05dd235441ba1cb16f86153e58e
  languageName: node
  linkType: hard

"graceful-fs@npm:^4.2.9":
  version: 4.2.11
  resolution: "graceful-fs@npm:4.2.11"
  checksum: 10c0/386d011a553e02bc594ac2ca0bd6d9e4c22d7fa8cfbfc448a6d148c59ea881b092db9dbe3547ae4b88e55f1b01f7c4a2ecc53b310c042793e63aa44cf6c257f2
  languageName: node
  linkType: hard

"https-proxy-agent@npm:^7.0.5":
  version: 7.0.6
  resolution: "https-proxy-agent@npm:7.0.6"
  dependencies:
    agent-base: "npm:^7.1.2"
    debug: "npm:4"
  checksum: 10c0/f729219bc735edb621fa30e6e84e60ee5d00802b8247aac0d7b79b0bd6d4b3294737a337b93b86a0bd9e68099d031858a39260c976dc14cdbba238ba1f8779ac
  languageName: node
  linkType: hard

"ignore-by-default@npm:^2.1.0":
  version: 2.1.0
  resolution: "ignore-by-default@npm:2.1.0"
  checksum: 10c0/3a6040dac25ed9da39dee73bf1634fdd1e15b0eb7cf52a6bdec81c310565782d8811c104ce40acb3d690d61c5fc38a91c78e6baee830a8a2232424dbc6b66981
  languageName: node
  linkType: hard

"ignore@npm:^7.0.3":
  version: 7.0.3
  resolution: "ignore@npm:7.0.3"
  checksum: 10c0/8e21637513cbcd888a4873d34d5c651a2e24b3c4c9a6b159335a26bed348c3c386c51d6fab23577f59140e1b226323138fbd50e63882d4568fd12aa6c822029e
  languageName: node
  linkType: hard

"imurmurhash@npm:^0.1.4":
  version: 0.1.4
  resolution: "imurmurhash@npm:0.1.4"
  checksum: 10c0/8b51313850dd33605c6c9d3fd9638b714f4c4c40250cff658209f30d40da60f78992fb2df5dabee4acf589a6a82bbc79ad5486550754bd9ec4e3fc0d4a57d6a6
  languageName: node
  linkType: hard

"indent-string@npm:^5.0.0":
  version: 5.0.0
  resolution: "indent-string@npm:5.0.0"
  checksum: 10c0/8ee77b57d92e71745e133f6f444d6fa3ed503ad0e1bcd7e80c8da08b42375c07117128d670589725ed07b1978065803fa86318c309ba45415b7fe13e7f170220
  languageName: node
  linkType: hard

"inflight@npm:^1.0.4":
  version: 1.0.6
  resolution: "inflight@npm:1.0.6"
  dependencies:
    once: "npm:^1.3.0"
    wrappy: "npm:1"
  checksum: 10c0/7faca22584600a9dc5b9fca2cd5feb7135ac8c935449837b315676b4c90aa4f391ec4f42240178244b5a34e8bede1948627fda392ca3191522fc46b34e985ab2
  languageName: node
  linkType: hard

"inherits@npm:2":
  version: 2.0.4
  resolution: "inherits@npm:2.0.4"
  checksum: 10c0/4e531f648b29039fb7426fb94075e6545faa1eb9fe83c29f0b6d9e7263aceb4289d2d4557db0d428188eeb449cc7c5e77b0a0b2c4e248ff2a65933a0dee49ef2
  languageName: node
  linkType: hard

"irregular-plurals@npm:^3.3.0":
  version: 3.5.0
  resolution: "irregular-plurals@npm:3.5.0"
  checksum: 10c0/7c033bbe7325e5a6e0a26949cc6863b6ce273403d4cd5b93bd99b33fecb6605b0884097c4259c23ed0c52c2133bf7d1cdcdd7a0630e8c325161fe269b3447918
  languageName: node
  linkType: hard

"is-extglob@npm:^2.1.1":
  version: 2.1.1
  resolution: "is-extglob@npm:2.1.1"
  checksum: 10c0/5487da35691fbc339700bbb2730430b07777a3c21b9ebaecb3072512dfd7b4ba78ac2381a87e8d78d20ea08affb3f1971b4af629173a6bf435ff8a4c47747912
  languageName: node
  linkType: hard

"is-fullwidth-code-point@npm:^3.0.0":
  version: 3.0.0
  resolution: "is-fullwidth-code-point@npm:3.0.0"
  checksum: 10c0/bb11d825e049f38e04c06373a8d72782eee0205bda9d908cc550ccb3c59b99d750ff9537982e01733c1c94a58e35400661f57042158ff5e8f3e90cf936daf0fc
  languageName: node
  linkType: hard

"is-fullwidth-code-point@npm:^4.0.0":
  version: 4.0.0
  resolution: "is-fullwidth-code-point@npm:4.0.0"
  checksum: 10c0/df2a717e813567db0f659c306d61f2f804d480752526886954a2a3e2246c7745fd07a52b5fecf2b68caf0a6c79dcdace6166fdf29cc76ed9975cc334f0a018b8
  languageName: node
  linkType: hard

"is-glob@npm:^4.0.1":
  version: 4.0.3
  resolution: "is-glob@npm:4.0.3"
  dependencies:
    is-extglob: "npm:^2.1.1"
  checksum: 10c0/17fb4014e22be3bbecea9b2e3a76e9e34ff645466be702f1693e8f1ee1adac84710d0be0bd9f967d6354036fd51ab7c2741d954d6e91dae6bb69714de92c197a
  languageName: node
  linkType: hard

"is-number@npm:^7.0.0":
  version: 7.0.0
  resolution: "is-number@npm:7.0.0"
  checksum: 10c0/b4686d0d3053146095ccd45346461bc8e53b80aeb7671cc52a4de02dbbf7dc0d1d2a986e2fe4ae206984b4d34ef37e8b795ebc4f4295c978373e6575e295d811
  languageName: node
  linkType: hard

"is-plain-object@npm:^5.0.0":
  version: 5.0.0
  resolution: "is-plain-object@npm:5.0.0"
  checksum: 10c0/893e42bad832aae3511c71fd61c0bf61aa3a6d853061c62a307261842727d0d25f761ce9379f7ba7226d6179db2a3157efa918e7fe26360f3bf0842d9f28942c
  languageName: node
  linkType: hard

"is-promise@npm:^4.0.0":
  version: 4.0.0
  resolution: "is-promise@npm:4.0.0"
  checksum: 10c0/ebd5c672d73db781ab33ccb155fb9969d6028e37414d609b115cc534654c91ccd061821d5b987eefaa97cf4c62f0b909bb2f04db88306de26e91bfe8ddc01503
  languageName: node
  linkType: hard

"is-unicode-supported@npm:^2.0.0":
  version: 2.1.0
  resolution: "is-unicode-supported@npm:2.1.0"
  checksum: 10c0/a0f53e9a7c1fdbcf2d2ef6e40d4736fdffff1c9f8944c75e15425118ff3610172c87bf7bc6c34d3903b04be59790bb2212ddbe21ee65b5a97030fc50370545a5
  languageName: node
  linkType: hard

"js-string-escape@npm:^1.0.1":
  version: 1.0.1
  resolution: "js-string-escape@npm:1.0.1"
  checksum: 10c0/2c33b9ff1ba6b84681c51ca0997e7d5a1639813c95d5b61cb7ad47e55cc28fa4a0b1935c3d218710d8e6bcee5d0cd8c44755231e3a4e45fc604534d9595a3628
  languageName: node
  linkType: hard

"js-yaml@npm:^3.14.1":
  version: 3.14.1
  resolution: "js-yaml@npm:3.14.1"
  dependencies:
    argparse: "npm:^1.0.7"
    esprima: "npm:^4.0.0"
  bin:
    js-yaml: bin/js-yaml.js
  checksum: 10c0/6746baaaeac312c4db8e75fa22331d9a04cccb7792d126ed8ce6a0bbcfef0cedaddd0c5098fade53db067c09fe00aa1c957674b4765610a8b06a5a189e46433b
  languageName: node
  linkType: hard

"load-json-file@npm:^7.0.1":
  version: 7.0.1
  resolution: "load-json-file@npm:7.0.1"
  checksum: 10c0/7117459608a0b6329c7f78e6e1f541b3162dd901c29dd5af721fec8b270177d2e3d7999c971f344fff04daac368d052732e2c7146014bc84d15e0b636975e19a
  languageName: node
  linkType: hard

"lodash@npm:^4.17.15":
  version: 4.17.21
  resolution: "lodash@npm:4.17.21"
  checksum: 10c0/d8cbea072bb08655bb4c989da418994b073a608dffa608b09ac04b43a791b12aeae7cd7ad919aa4c925f33b48490b5cfe6c1f71d827956071dae2e7bb3a6b74c
  languageName: node
  linkType: hard

"matcher@npm:^5.0.0":
  version: 5.0.0
  resolution: "matcher@npm:5.0.0"
  dependencies:
    escape-string-regexp: "npm:^5.0.0"
  checksum: 10c0/eda5471fc9d5b7264d63c81727824adc3585ddb5cfdc5fce5a9b7c86f946ff181610735d330b1c37a84811df872d1290bf4e9401d2be2a414204343701144b18
  languageName: node
  linkType: hard

"md5-hex@npm:^3.0.1":
  version: 3.0.1
  resolution: "md5-hex@npm:3.0.1"
  dependencies:
    blueimp-md5: "npm:^2.10.0"
  checksum: 10c0/ee2b4d8da16b527b3a3fe4d7a96720f43afd07b46a82d49421208b5a126235fb75cfb30b80d4029514772c8844273f940bddfbf4155c787f968f3be4060d01e4
  languageName: node
  linkType: hard

"memoize@npm:^10.0.0":
  version: 10.1.0
  resolution: "memoize@npm:10.1.0"
  dependencies:
    mimic-function: "npm:^5.0.1"
  checksum: 10c0/6cf71f673b89778b05cd1131f573ba858627daa8fec60f2197328386acf7ab184a89e52527abbd5a605b5ccf5ee12dc0cb96efb651d9a30dcfcc89e9baacc84d
  languageName: node
  linkType: hard

"merge2@npm:^1.3.0":
  version: 1.4.1
  resolution: "merge2@npm:1.4.1"
  checksum: 10c0/254a8a4605b58f450308fc474c82ac9a094848081bf4c06778200207820e5193726dc563a0d2c16468810516a5c97d9d3ea0ca6585d23c58ccfff2403e8dbbeb
  languageName: node
  linkType: hard

"micromatch@npm:^4.0.8":
  version: 4.0.8
  resolution: "micromatch@npm:4.0.8"
  dependencies:
    braces: "npm:^3.0.3"
    picomatch: "npm:^2.3.1"
  checksum: 10c0/166fa6eb926b9553f32ef81f5f531d27b4ce7da60e5baf8c021d043b27a388fb95e46a8038d5045877881e673f8134122b59624d5cecbd16eb50a42e7a6b5ca8
  languageName: node
  linkType: hard

"mimic-function@npm:^5.0.1":
  version: 5.0.1
  resolution: "mimic-function@npm:5.0.1"
  checksum: 10c0/f3d9464dd1816ecf6bdf2aec6ba32c0728022039d992f178237d8e289b48764fee4131319e72eedd4f7f094e22ded0af836c3187a7edc4595d28dd74368fd81d
  languageName: node
  linkType: hard

"minimatch@npm:^3.1.1":
  version: 3.1.2
  resolution: "minimatch@npm:3.1.2"
  dependencies:
    brace-expansion: "npm:^1.1.7"
  checksum: 10c0/0262810a8fc2e72cca45d6fd86bd349eee435eb95ac6aa45c9ea2180e7ee875ef44c32b55b5973ceabe95ea12682f6e3725cbb63d7a2d1da3ae1163c8b210311
  languageName: node
  linkType: hard

"minipass@npm:^7.0.4, minipass@npm:^7.1.2":
  version: 7.1.2
  resolution: "minipass@npm:7.1.2"
  checksum: 10c0/b0fd20bb9fb56e5fa9a8bfac539e8915ae07430a619e4b86ff71f5fc757ef3924b23b2c4230393af1eda647ed3d75739e4e0acb250a6b1eb277cf7f8fe449557
  languageName: node
  linkType: hard

"minizlib@npm:^3.0.1":
  version: 3.0.2
  resolution: "minizlib@npm:3.0.2"
  dependencies:
    minipass: "npm:^7.1.2"
  checksum: 10c0/9f3bd35e41d40d02469cb30470c55ccc21cae0db40e08d1d0b1dff01cc8cc89a6f78e9c5d2b7c844e485ec0a8abc2238111213fdc5b2038e6d1012eacf316f78
  languageName: node
  linkType: hard

"mkdirp@npm:^3.0.1":
  version: 3.0.1
  resolution: "mkdirp@npm:3.0.1"
  bin:
    mkdirp: dist/cjs/src/bin.js
  checksum: 10c0/9f2b975e9246351f5e3a40dcfac99fcd0baa31fbfab615fe059fb11e51f10e4803c63de1f384c54d656e4db31d000e4767e9ef076a22e12a641357602e31d57d
  languageName: node
  linkType: hard

"ms@npm:^2.1.3":
  version: 2.1.3
  resolution: "ms@npm:2.1.3"
  checksum: 10c0/d924b57e7312b3b63ad21fc5b3dc0af5e78d61a1fc7cfb5457edaf26326bf62be5307cc87ffb6862ef1c2b33b0233cdb5d4f01c4c958cc0d660948b65a287a48
  languageName: node
  linkType: hard

"node-fetch@npm:^2.6.7":
  version: 2.7.0
  resolution: "node-fetch@npm:2.7.0"
  dependencies:
    whatwg-url: "npm:^5.0.0"
  peerDependencies:
    encoding: ^0.1.0
  peerDependenciesMeta:
    encoding:
      optional: true
  checksum: 10c0/b55786b6028208e6fbe594ccccc213cab67a72899c9234eb59dba51062a299ea853210fcf526998eaa2867b0963ad72338824450905679ff0fa304b8c5093ae8
  languageName: node
  linkType: hard

"node-gyp-build@npm:^4.2.2":
  version: 4.8.4
  resolution: "node-gyp-build@npm:4.8.4"
  bin:
    node-gyp-build: bin.js
    node-gyp-build-optional: optional.js
    node-gyp-build-test: build-test.js
  checksum: 10c0/444e189907ece2081fe60e75368784f7782cfddb554b60123743dfb89509df89f1f29c03bbfa16b3a3e0be3f48799a4783f487da6203245fa5bed239ba7407e1
  languageName: node
  linkType: hard

"nofilter@npm:^3.1.0":
  version: 3.1.0
  resolution: "nofilter@npm:3.1.0"
  checksum: 10c0/92459f3864a067b347032263f0b536223cbfc98153913b5dce350cb39c8470bc1813366e41993f22c33cc6400c0f392aa324a4b51e24c22040635c1cdb046499
  languageName: node
  linkType: hard

"nopt@npm:^8.0.0":
  version: 8.1.0
  resolution: "nopt@npm:8.1.0"
  dependencies:
    abbrev: "npm:^3.0.0"
  bin:
    nopt: bin/nopt.js
  checksum: 10c0/62e9ea70c7a3eb91d162d2c706b6606c041e4e7b547cbbb48f8b3695af457dd6479904d7ace600856bf923dd8d1ed0696f06195c8c20f02ac87c1da0e1d315ef
  languageName: node
  linkType: hard

"once@npm:^1.3.0":
  version: 1.4.0
  resolution: "once@npm:1.4.0"
  dependencies:
    wrappy: "npm:1"
  checksum: 10c0/5d48aca287dfefabd756621c5dfce5c91a549a93e9fdb7b8246bc4c4790aa2ec17b34a260530474635147aeb631a2dcc8b32c613df0675f96041cbb8244517d0
  languageName: node
  linkType: hard

"p-map@npm:^7.0.2":
  version: 7.0.3
  resolution: "p-map@npm:7.0.3"
  checksum: 10c0/46091610da2b38ce47bcd1d8b4835a6fa4e832848a6682cf1652bc93915770f4617afc844c10a77d1b3e56d2472bb2d5622353fa3ead01a7f42b04fc8e744a5c
  languageName: node
  linkType: hard

"package-config@npm:^5.0.0":
  version: 5.0.0
  resolution: "package-config@npm:5.0.0"
  dependencies:
    find-up-simple: "npm:^1.0.0"
    load-json-file: "npm:^7.0.1"
  checksum: 10c0/f6c48930700b73a41d839bf2898b628d23665827488a4f34aed2d05e4a99d7a70a70ada115c3546765947fbc8accff94c0779da21ea084b25df47cb774531eeb
  languageName: node
  linkType: hard

"parse-ms@npm:^4.0.0":
  version: 4.0.0
  resolution: "parse-ms@npm:4.0.0"
  checksum: 10c0/a7900f4f1ebac24cbf5e9708c16fb2fd482517fad353aecd7aefb8c2ba2f85ce017913ccb8925d231770404780df46244ea6fec598b3bde6490882358b4d2d16
  languageName: node
  linkType: hard

"path-is-absolute@npm:^1.0.0":
  version: 1.0.1
  resolution: "path-is-absolute@npm:1.0.1"
  checksum: 10c0/127da03c82172a2a50099cddbf02510c1791fc2cc5f7713ddb613a56838db1e8168b121a920079d052e0936c23005562059756d653b7c544c53185efe53be078
  languageName: node
  linkType: hard

"path-type@npm:^6.0.0":
  version: 6.0.0
  resolution: "path-type@npm:6.0.0"
  checksum: 10c0/55baa8b1187d6dc683d5a9cfcc866168d6adff58e5db91126795376d818eee46391e00b2a4d53e44d844c7524a7d96aa68cc68f4f3e500d3d069a39e6535481c
  languageName: node
  linkType: hard

"picomatch@npm:^2.3.1":
  version: 2.3.1
  resolution: "picomatch@npm:2.3.1"
  checksum: 10c0/26c02b8d06f03206fc2ab8d16f19960f2ff9e81a658f831ecb656d8f17d9edc799e8364b1f4a7873e89d9702dff96204be0fa26fe4181f6843f040f819dac4be
  languageName: node
  linkType: hard

"picomatch@npm:^4.0.2":
  version: 4.0.2
  resolution: "picomatch@npm:4.0.2"
  checksum: 10c0/7c51f3ad2bb42c776f49ebf964c644958158be30d0a510efd5a395e8d49cb5acfed5b82c0c5b365523ce18e6ab85013c9ebe574f60305892ec3fa8eee8304ccc
  languageName: node
  linkType: hard

"plur@npm:^5.1.0":
  version: 5.1.0
  resolution: "plur@npm:5.1.0"
  dependencies:
    irregular-plurals: "npm:^3.3.0"
  checksum: 10c0/26bb622b8545fcfd47bbf56fbcca66c08693708a232e403fa3589e00003c56c14231ac57c7588ca5db83ef4be1f61383402c4ea954000768f779f8aef6eb6da8
  languageName: node
  linkType: hard

"pretty-ms@npm:^9.1.0":
  version: 9.2.0
  resolution: "pretty-ms@npm:9.2.0"
  dependencies:
    parse-ms: "npm:^4.0.0"
  checksum: 10c0/ab6d066f90e9f77020426986e1b018369f41575674544c539aabec2e63a20fec01166d8cf6571d0e165ad11cfe5a8134a2a48a36d42ab291c59c6deca5264cbb
  languageName: node
  linkType: hard

"queue-microtask@npm:^1.2.2":
  version: 1.2.3
  resolution: "queue-microtask@npm:1.2.3"
  checksum: 10c0/900a93d3cdae3acd7d16f642c29a642aea32c2026446151f0778c62ac089d4b8e6c986811076e1ae180a694cedf077d453a11b58ff0a865629a4f82ab558e102
  languageName: node
  linkType: hard

"require-directory@npm:^2.1.1":
  version: 2.1.1
  resolution: "require-directory@npm:2.1.1"
  checksum: 10c0/83aa76a7bc1531f68d92c75a2ca2f54f1b01463cb566cf3fbc787d0de8be30c9dbc211d1d46be3497dac5785fe296f2dd11d531945ac29730643357978966e99
  languageName: node
  linkType: hard

"resolve-cwd@npm:^3.0.0":
  version: 3.0.0
  resolution: "resolve-cwd@npm:3.0.0"
  dependencies:
    resolve-from: "npm:^5.0.0"
  checksum: 10c0/e608a3ebd15356264653c32d7ecbc8fd702f94c6703ea4ac2fb81d9c359180cba0ae2e6b71faa446631ed6145454d5a56b227efc33a2d40638ac13f8beb20ee4
  languageName: node
  linkType: hard

"resolve-from@npm:^5.0.0":
  version: 5.0.0
  resolution: "resolve-from@npm:5.0.0"
  checksum: 10c0/b21cb7f1fb746de8107b9febab60095187781137fd803e6a59a76d421444b1531b641bba5857f5dc011974d8a5c635d61cec49e6bd3b7fc20e01f0fafc4efbf2
  languageName: node
  linkType: hard

"reusify@npm:^1.0.4":
  version: 1.1.0
  resolution: "reusify@npm:1.1.0"
  checksum: 10c0/4eff0d4a5f9383566c7d7ec437b671cc51b25963bd61bf127c3f3d3f68e44a026d99b8d2f1ad344afff8d278a8fe70a8ea092650a716d22287e8bef7126bb2fa
  languageName: node
  linkType: hard

"run-parallel@npm:^1.1.9":
  version: 1.2.0
  resolution: "run-parallel@npm:1.2.0"
  dependencies:
    queue-microtask: "npm:^1.2.2"
  checksum: 10c0/200b5ab25b5b8b7113f9901bfe3afc347e19bb7475b267d55ad0eb86a62a46d77510cb0f232507c9e5d497ebda569a08a9867d0d14f57a82ad5564d991588b39
  languageName: node
  linkType: hard

"semver@npm:^7.3.2, semver@npm:^7.5.3":
  version: 7.7.1
  resolution: "semver@npm:7.7.1"
  bin:
    semver: bin/semver.js
  checksum: 10c0/fd603a6fb9c399c6054015433051bdbe7b99a940a8fb44b85c2b524c4004b023d7928d47cb22154f8d054ea7ee8597f586605e05b52047f048278e4ac56ae958
  languageName: node
  linkType: hard

"serialize-error@npm:^7.0.1":
  version: 7.0.1
  resolution: "serialize-error@npm:7.0.1"
  dependencies:
    type-fest: "npm:^0.13.1"
  checksum: 10c0/7982937d578cd901276c8ab3e2c6ed8a4c174137730f1fb0402d005af209a0e84d04acc874e317c936724c7b5b26c7a96ff7e4b8d11a469f4924a4b0ea814c05
  languageName: node
  linkType: hard

"signal-exit@npm:^4.0.1":
  version: 4.1.0
  resolution: "signal-exit@npm:4.1.0"
  checksum: 10c0/41602dce540e46d599edba9d9860193398d135f7ff72cab629db5171516cfae628d21e7bfccde1bbfdf11c48726bc2a6d1a8fb8701125852fbfda7cf19c6aa83
  languageName: node
  linkType: hard

"slash@npm:^5.1.0":
  version: 5.1.0
  resolution: "slash@npm:5.1.0"
  checksum: 10c0/eb48b815caf0bdc390d0519d41b9e0556a14380f6799c72ba35caf03544d501d18befdeeef074bc9c052acf69654bc9e0d79d7f1de0866284137a40805299eb3
  languageName: node
  linkType: hard

"slice-ansi@npm:^5.0.0":
  version: 5.0.0
  resolution: "slice-ansi@npm:5.0.0"
  dependencies:
    ansi-styles: "npm:^6.0.0"
    is-fullwidth-code-point: "npm:^4.0.0"
  checksum: 10c0/2d4d40b2a9d5cf4e8caae3f698fe24ae31a4d778701724f578e984dcb485ec8c49f0c04dab59c401821e80fcdfe89cace9c66693b0244e40ec485d72e543914f
  languageName: node
  linkType: hard

"sprintf-js@npm:~1.0.2":
  version: 1.0.3
  resolution: "sprintf-js@npm:1.0.3"
  checksum: 10c0/ecadcfe4c771890140da5023d43e190b7566d9cf8b2d238600f31bec0fc653f328da4450eb04bd59a431771a8e9cc0e118f0aa3974b683a4981b4e07abc2a5bb
  languageName: node
  linkType: hard

"stack-utils@npm:^2.0.6":
  version: 2.0.6
  resolution: "stack-utils@npm:2.0.6"
  dependencies:
    escape-string-regexp: "npm:^2.0.0"
  checksum: 10c0/651c9f87667e077584bbe848acaecc6049bc71979f1e9a46c7b920cad4431c388df0f51b8ad7cfd6eed3db97a2878d0fc8b3122979439ea8bac29c61c95eec8a
  languageName: node
  linkType: hard

"string-width@npm:^4.1.0, string-width@npm:^4.2.0, string-width@npm:^4.2.3":
  version: 4.2.3
  resolution: "string-width@npm:4.2.3"
  dependencies:
    emoji-regex: "npm:^8.0.0"
    is-fullwidth-code-point: "npm:^3.0.0"
    strip-ansi: "npm:^6.0.1"
  checksum: 10c0/1e525e92e5eae0afd7454086eed9c818ee84374bb80328fc41217ae72ff5f065ef1c9d7f72da41de40c75fa8bb3dee63d92373fd492c84260a552c636392a47b
  languageName: node
  linkType: hard

"string-width@npm:^7.0.0":
  version: 7.2.0
  resolution: "string-width@npm:7.2.0"
  dependencies:
    emoji-regex: "npm:^10.3.0"
    get-east-asian-width: "npm:^1.0.0"
    strip-ansi: "npm:^7.1.0"
  checksum: 10c0/eb0430dd43f3199c7a46dcbf7a0b34539c76fe3aa62763d0b0655acdcbdf360b3f66f3d58ca25ba0205f42ea3491fa00f09426d3b7d3040e506878fc7664c9b9
  languageName: node
  linkType: hard

"strip-ansi@npm:^6.0.0, strip-ansi@npm:^6.0.1":
  version: 6.0.1
  resolution: "strip-ansi@npm:6.0.1"
  dependencies:
    ansi-regex: "npm:^5.0.1"
  checksum: 10c0/1ae5f212a126fe5b167707f716942490e3933085a5ff6c008ab97ab2f272c8025d3aa218b7bd6ab25729ca20cc81cddb252102f8751e13482a5199e873680952
  languageName: node
  linkType: hard

"strip-ansi@npm:^7.0.1, strip-ansi@npm:^7.1.0":
  version: 7.1.0
  resolution: "strip-ansi@npm:7.1.0"
  dependencies:
    ansi-regex: "npm:^6.0.1"
  checksum: 10c0/a198c3762e8832505328cbf9e8c8381de14a4fa50a4f9b2160138158ea88c0f5549fb50cb13c651c3088f47e63a108b34622ec18c0499b6c8c3a5ddf6b305ac4
  languageName: node
  linkType: hard

"supertap@npm:^3.0.1":
  version: 3.0.1
  resolution: "supertap@npm:3.0.1"
  dependencies:
    indent-string: "npm:^5.0.0"
    js-yaml: "npm:^3.14.1"
    serialize-error: "npm:^7.0.1"
    strip-ansi: "npm:^7.0.1"
  checksum: 10c0/8164674f2e280cab875f0fef5bb36c15553c13e29697ff92f4e0d6bc62149f0303a89eee47535413ed145ea72e14a24d065bab233059d48a499ec5ebb4566b0f
  languageName: node
  linkType: hard

"tar@npm:^7.4.0":
  version: 7.4.3
  resolution: "tar@npm:7.4.3"
  dependencies:
    "@isaacs/fs-minipass": "npm:^4.0.0"
    chownr: "npm:^3.0.0"
    minipass: "npm:^7.1.2"
    minizlib: "npm:^3.0.1"
    mkdirp: "npm:^3.0.1"
    yallist: "npm:^5.0.0"
  checksum: 10c0/d4679609bb2a9b48eeaf84632b6d844128d2412b95b6de07d53d8ee8baf4ca0857c9331dfa510390a0727b550fd543d4d1a10995ad86cdf078423fbb8d99831d
  languageName: node
  linkType: hard

"temp-dir@npm:^3.0.0":
  version: 3.0.0
  resolution: "temp-dir@npm:3.0.0"
  checksum: 10c0/a86978a400984cd5f315b77ebf3fe53bb58c61f192278cafcb1f3fb32d584a21dc8e08b93171d7874b7cc972234d3455c467306cc1bfc4524b622e5ad3bfd671
  languageName: node
  linkType: hard

"time-zone@npm:^1.0.0":
  version: 1.0.0
  resolution: "time-zone@npm:1.0.0"
  checksum: 10c0/d00ebd885039109011b6e2423ebbf225160927333c2ade6d833e9cc4676db20759f1f3855fafde00d1bd668c243a6aa68938ce71fe58aab0d514e820d59c1d81
  languageName: node
  linkType: hard

"to-regex-range@npm:^5.0.1":
  version: 5.0.1
  resolution: "to-regex-range@npm:5.0.1"
  dependencies:
    is-number: "npm:^7.0.0"
  checksum: 10c0/487988b0a19c654ff3e1961b87f471702e708fa8a8dd02a298ef16da7206692e8552a0250e8b3e8759270f62e9d8314616f6da274734d3b558b1fc7b7724e892
  languageName: node
  linkType: hard

"tr46@npm:~0.0.3":
  version: 0.0.3
  resolution: "tr46@npm:0.0.3"
  checksum: 10c0/047cb209a6b60c742f05c9d3ace8fa510bff609995c129a37ace03476a9b12db4dbf975e74600830ef0796e18882b2381fb5fb1f6b4f96b832c374de3ab91a11
  languageName: node
  linkType: hard

"type-fest@npm:^0.13.1":
  version: 0.13.1
  resolution: "type-fest@npm:0.13.1"
  checksum: 10c0/0c0fa07ae53d4e776cf4dac30d25ad799443e9eef9226f9fddbb69242db86b08584084a99885cfa5a9dfe4c063ebdc9aa7b69da348e735baede8d43f1aeae93b
  languageName: node
  linkType: hard

"unicorn-magic@npm:^0.3.0":
  version: 0.3.0
  resolution: "unicorn-magic@npm:0.3.0"
  checksum: 10c0/0a32a997d6c15f1c2a077a15b1c4ca6f268d574cf5b8975e778bb98e6f8db4ef4e86dfcae4e158cd4c7e38fb4dd383b93b13eefddc7f178dea13d3ac8a603271
  languageName: node
  linkType: hard

"webidl-conversions@npm:^3.0.0":
  version: 3.0.1
  resolution: "webidl-conversions@npm:3.0.1"
  checksum: 10c0/5612d5f3e54760a797052eb4927f0ddc01383550f542ccd33d5238cfd65aeed392a45ad38364970d0a0f4fea32e1f4d231b3d8dac4a3bdd385e5cf802ae097db
  languageName: node
  linkType: hard

"well-known-symbols@npm:^2.0.0":
  version: 2.0.0
  resolution: "well-known-symbols@npm:2.0.0"
  checksum: 10c0/cb6c12e98877e8952ec28d13ae6f4fdb54ae1cb49b16a728720276dadd76c930e6cb0e174af3a4620054dd2752546f842540122920c6e31410208abd4958ee6b
  languageName: node
  linkType: hard

"whatwg-url@npm:^5.0.0":
  version: 5.0.0
  resolution: "whatwg-url@npm:5.0.0"
  dependencies:
    tr46: "npm:~0.0.3"
    webidl-conversions: "npm:^3.0.0"
  checksum: 10c0/1588bed84d10b72d5eec1d0faa0722ba1962f1821e7539c535558fb5398d223b0c50d8acab950b8c488b4ba69043fd833cc2697056b167d8ad46fac3995a55d5
  languageName: node
  linkType: hard

"wrap-ansi@npm:^7.0.0":
  version: 7.0.0
  resolution: "wrap-ansi@npm:7.0.0"
  dependencies:
    ansi-styles: "npm:^4.0.0"
    string-width: "npm:^4.1.0"
    strip-ansi: "npm:^6.0.0"
  checksum: 10c0/d15fc12c11e4cbc4044a552129ebc75ee3f57aa9c1958373a4db0292d72282f54373b536103987a4a7594db1ef6a4f10acf92978f79b98c49306a4b58c77d4da
  languageName: node
  linkType: hard

"wrappy@npm:1":
  version: 1.0.2
  resolution: "wrappy@npm:1.0.2"
  checksum: 10c0/56fece1a4018c6a6c8e28fbc88c87e0fbf4ea8fd64fc6c63b18f4acc4bd13e0ad2515189786dd2c30d3eec9663d70f4ecf699330002f8ccb547e4a18231fc9f0
  languageName: node
  linkType: hard

"write-file-atomic@npm:^6.0.0":
  version: 6.0.0
  resolution: "write-file-atomic@npm:6.0.0"
  dependencies:
    imurmurhash: "npm:^0.1.4"
    signal-exit: "npm:^4.0.1"
  checksum: 10c0/ae2f1c27474758a9aca92037df6c1dd9cb94c4e4983451210bd686bfe341f142662f6aa5913095e572ab037df66b1bfe661ed4ce4c0369ed0e8219e28e141786
  languageName: node
  linkType: hard

"y18n@npm:^5.0.5":
  version: 5.0.8
  resolution: "y18n@npm:5.0.8"
  checksum: 10c0/4df2842c36e468590c3691c894bc9cdbac41f520566e76e24f59401ba7d8b4811eb1e34524d57e54bc6d864bcb66baab7ffd9ca42bf1eda596618f9162b91249
  languageName: node
  linkType: hard

"yallist@npm:^5.0.0":
  version: 5.0.0
  resolution: "yallist@npm:5.0.0"
  checksum: 10c0/a499c81ce6d4a1d260d4ea0f6d49ab4da09681e32c3f0472dee16667ed69d01dae63a3b81745a24bd78476ec4fcf856114cb4896ace738e01da34b2c42235416
  languageName: node
  linkType: hard

"yargs-parser@npm:^21.1.1":
  version: 21.1.1
  resolution: "yargs-parser@npm:21.1.1"
  checksum: 10c0/f84b5e48169479d2f402239c59f084cfd1c3acc197a05c59b98bab067452e6b3ea46d4dd8ba2985ba7b3d32a343d77df0debd6b343e5dae3da2aab2cdf5886b2
  languageName: node
  linkType: hard

"yargs@npm:^17.7.2":
  version: 17.7.2
  resolution: "yargs@npm:17.7.2"
  dependencies:
    cliui: "npm:^8.0.1"
    escalade: "npm:^3.1.1"
    get-caller-file: "npm:^2.0.5"
    require-directory: "npm:^2.1.1"
    string-width: "npm:^4.2.3"
    y18n: "npm:^5.0.5"
    yargs-parser: "npm:^21.1.1"
  checksum: 10c0/ccd7e723e61ad5965fffbb791366db689572b80cca80e0f96aad968dfff4156cd7cd1ad18607afe1046d8241e6fb2d6c08bf7fa7bfb5eaec818735d8feac8f05
  languageName: node
  linkType: hard
