{
  "name": "chromadb-js-bindings-darwin-arm64",
  "version": "0.0.3",
  "lockfileVersion": 3,
  "requires": true,
  "packages": {
    "": {
      "name": "chromadb-js-bindings-darwin-arm64",
      "version": "0.0.3",
      "cpu": [
        "arm64"
      ],
      "license": "MIT",
      "os": [
        "darwin"
      ],
      "engines": {
        "node": ">= 10"
      }
    }
  }
}
